<?xml version="1.0" encoding="utf-8"?>
<Project ToolsVersion="4.0" xmlns="http://schemas.microsoft.com/developer/msbuild/2003">
  <ItemGroup>
    <ClCompile Include="main.cpp" />
    <ClCompile Include="opengl_host_display.cpp" />
    <ClCompile Include="sdl_host_interface.cpp" />
    <ClCompile Include="d3d11_host_display.cpp" />
    <ClCompile Include="sdl_settings_interface.cpp" />
    <ClCompile Include="imgui_impl_sdl.cpp" />
  </ItemGroup>
  <ItemGroup>
    <ClInclude Include="opengl_host_display.h" />
    <ClInclude Include="sdl_host_interface.h" />
    <ClInclude Include="d3d11_host_display.h" />
    <ClInclude Include="sdl_settings_interface.h" />
    <ClInclude Include="imgui_impl_sdl.h" />
  </ItemGroup>
</Project>