
Microsoft Visual Studio Solution File, Format Version 12.00
# Visual Studio Version 16
VisualStudioVersion = 16.0.29230.47
MinimumVisualStudioVersion = 10.0.40219.1
Project("{8BC9CEB8-8B4A-11D0-8D11-00A0C91BC942}") = "glad", "dep\glad\glad.vcxproj", "{43540154-9E1E-409C-834F-B84BE5621388}"
EndProject
Project("{2150E333-8FDC-42A3-9474-1A3956D46DE8}") = "Dependencies", "Dependencies", "{BA490C0E-497D-4634-A21E-E65012006385}"
EndProject
Project("{8BC9CEB8-8B4A-11D0-8D11-00A0C91BC942}") = "imgui", "dep\imgui\imgui.vcxproj", "{BB08260F-6FBC-46AF-8924-090EE71360C6}"
EndProject
Project("{8BC9CEB8-8B4A-11D0-8D11-00A0C91BC942}") = "common", "src\common\common.vcxproj", "{EE054E08-3799-4A59-A422-18259C105FFD}"
	ProjectSection(ProjectDependencies) = postProject
		{7F909E29-4808-4BD9-A60C-56C51A3AAEC2} = {7F909E29-4808-4BD9-A60C-56C51A3AAEC2}
		{43540154-9E1E-409C-834F-B84BE5621388} = {43540154-9E1E-409C-834F-B84BE5621388}
		{ED601289-AC1A-46B8-A8ED-17DB9EB73423} = {ED601289-AC1A-46B8-A8ED-17DB9EB73423}
		{425D6C99-D1C8-43C2-B8AC-4D7B1D941017} = {425D6C99-D1C8-43C2-B8AC-4D7B1D941017}
		{9C8DDEB0-2B8F-4F5F-BA86-127CDF27F035} = {9C8DDEB0-2B8F-4F5F-BA86-127CDF27F035}
		{7FF9FDB9-D504-47DB-A16A-B08071999620} = {7FF9FDB9-D504-47DB-A16A-B08071999620}
		{39F0ADFF-3A84-470D-9CF0-CA49E164F2F3} = {39F0ADFF-3A84-470D-9CF0-CA49E164F2F3}
	EndProjectSection
EndProject
Project("{8BC9CEB8-8B4A-11D0-8D11-00A0C91BC942}") = "core", "src\core\core.vcxproj", "{868B98C8-65A1-494B-8346-250A73A48C0A}"
	ProjectSection(ProjectDependencies) = postProject
		{EE054E08-3799-4A59-A422-18259C105FFD} = {EE054E08-3799-4A59-A422-18259C105FFD}
		{BB08260F-6FBC-46AF-8924-090EE71360C6} = {BB08260F-6FBC-46AF-8924-090EE71360C6}
		{8906836E-F06E-46E8-B11A-74E5E8C7B8FB} = {8906836E-F06E-46E8-B11A-74E5E8C7B8FB}
		{ED601289-AC1A-46B8-A8ED-17DB9EB73423} = {ED601289-AC1A-46B8-A8ED-17DB9EB73423}
		{09553C96-9F39-49BF-8AE6-7ACBD07C410C} = {09553C96-9F39-49BF-8AE6-7ACBD07C410C}
		{9C8DDEB0-2B8F-4F5F-BA86-127CDF27F035} = {9C8DDEB0-2B8F-4F5F-BA86-127CDF27F035}
		{7FF9FDB9-D504-47DB-A16A-B08071999620} = {7FF9FDB9-D504-47DB-A16A-B08071999620}
	EndProjectSection
EndProject
Project("{8BC9CEB8-8B4A-11D0-8D11-00A0C91BC942}") = "stb", "dep\stb\stb.vcxproj", "{ED601289-AC1A-46B8-A8ED-17DB9EB73423}"
EndProject
Project("{8BC9CEB8-8B4A-11D0-8D11-00A0C91BC942}") = "simpleini", "dep\simpleini\simpleini.vcxproj", "{3773F4CC-614E-4028-8595-22E08CA649E3}"
EndProject
Project("{8BC9CEB8-8B4A-11D0-8D11-00A0C91BC942}") = "tinyxml2", "dep\tinyxml2\tinyxml2.vcxproj", "{933118A9-68C5-47B4-B151-B03C93961623}"
EndProject
Project("{8BC9CEB8-8B4A-11D0-8D11-00A0C91BC942}") = "minizip", "dep\minizip\minizip.vcxproj", "{8BDA439C-6358-45FB-9994-2FF083BABE06}"
	ProjectSection(ProjectDependencies) = postProject
		{7FF9FDB9-D504-47DB-A16A-B08071999620} = {7FF9FDB9-D504-47DB-A16A-B08071999620}
	EndProjectSection
EndProject
Project("{8BC9CEB8-8B4A-11D0-8D11-00A0C91BC942}") = "zlib", "dep\zlib\zlib.vcxproj", "{7FF9FDB9-D504-47DB-A16A-B08071999620}"
EndProject
Project("{8BC9CEB8-8B4A-11D0-8D11-00A0C91BC942}") = "libchdr", "dep\libchdr\libchdr.vcxproj", "{425D6C99-D1C8-43C2-B8AC-4D7B1D941017}"
	ProjectSection(ProjectDependencies) = postProject
		{DD944834-7899-4C1C-A4C1-064B5009D239} = {DD944834-7899-4C1C-A4C1-064B5009D239}
		{7FF9FDB9-D504-47DB-A16A-B08071999620} = {7FF9FDB9-D504-47DB-A16A-B08071999620}
	EndProjectSection
EndProject
Project("{8BC9CEB8-8B4A-11D0-8D11-00A0C91BC942}") = "lzma", "dep\lzma\lzma.vcxproj", "{DD944834-7899-4C1C-A4C1-064B5009D239}"
EndProject
Project("{8BC9CEB8-8B4A-11D0-8D11-00A0C91BC942}") = "frontend-common", "src\frontend-common\frontend-common.vcxproj", "{6245DEC8-D2DA-47EE-A373-CBD6FCF3ECE6}"
	ProjectSection(ProjectDependencies) = postProject
		{075CED82-6A20-46DF-94C7-9624AC9DDBEB} = {075CED82-6A20-46DF-94C7-9624AC9DDBEB}
		{8BDA439C-6358-45FB-9994-2FF083BABE06} = {8BDA439C-6358-45FB-9994-2FF083BABE06}
		{933118A9-68C5-47B4-B151-B03C93961623} = {933118A9-68C5-47B4-B151-B03C93961623}
		{868B98C8-65A1-494B-8346-250A73A48C0A} = {868B98C8-65A1-494B-8346-250A73A48C0A}
		{3773F4CC-614E-4028-8595-22E08CA649E3} = {3773F4CC-614E-4028-8595-22E08CA649E3}
		{4BA0A6D4-3AE1-42B2-9347-096FD023FF64} = {4BA0A6D4-3AE1-42B2-9347-096FD023FF64}
	EndProjectSection
EndProject
Project("{8BC9CEB8-8B4A-11D0-8D11-00A0C91BC942}") = "xxhash", "dep\xxhash\xxhash.vcxproj", "{09553C96-9F39-49BF-8AE6-7ACBD07C410C}"
EndProject
Project("{8BC9CEB8-8B4A-11D0-8D11-00A0C91BC942}") = "scmversion", "src\scmversion\scmversion.vcxproj", "{075CED82-6A20-46DF-94C7-9624AC9DDBEB}"
EndProject
Project("{8BC9CEB8-8B4A-11D0-8D11-00A0C91BC942}") = "glslang", "dep\glslang\glslang.vcxproj", "{7F909E29-4808-4BD9-A60C-56C51A3AAEC2}"
EndProject
Project("{8BC9CEB8-8B4A-11D0-8D11-00A0C91BC942}") = "vulkan-loader", "dep\vulkan-loader\vulkan-loader.vcxproj", "{9C8DDEB0-2B8F-4F5F-BA86-127CDF27F035}"
EndProject
Project("{8BC9CEB8-8B4A-11D0-8D11-00A0C91BC942}") = "vixl", "dep\vixl\vixl.vcxproj", "{8906836E-F06E-46E8-B11A-74E5E8C7B8FB}"
EndProject
Project("{8BC9CEB8-8B4A-11D0-8D11-00A0C91BC942}") = "libsamplerate", "dep\libsamplerate\libsamplerate.vcxproj", "{39F0ADFF-3A84-470D-9CF0-CA49E164F2F3}"
EndProject
Project("{8BC9CEB8-8B4A-11D0-8D11-00A0C91BC942}") = "rcheevos", "dep\rcheevos\rcheevos.vcxproj", "{4BA0A6D4-3AE1-42B2-9347-096FD023FF64}"
EndProject
Project("{8BC9CEB8-8B4A-11D0-8D11-00A0C91BC942}") = "duckstation-uwp", "src\duckstation-uwp\duckstation-uwp.vcxproj", "{E2A6CEA9-9537-4C61-B637-81F1F17EF638}"
	ProjectSection(ProjectDependencies) = postProject
		{6245DEC8-D2DA-47EE-A373-CBD6FCF3ECE6} = {6245DEC8-D2DA-47EE-A373-CBD6FCF3ECE6}
	EndProjectSection
EndProject
Global
	GlobalSection(SolutionConfigurationPlatforms) = preSolution
		DebugUWP|ARM64 = DebugUWP|ARM64
		DebugUWP|x64 = DebugUWP|x64
		DebugUWP|x86 = DebugUWP|x86
		ReleaseUWP|ARM64 = ReleaseUWP|ARM64
		ReleaseUWP|x64 = ReleaseUWP|x64
		ReleaseUWP|x86 = ReleaseUWP|x86
	EndGlobalSection
	GlobalSection(ProjectConfigurationPlatforms) = postSolution
		{43540154-9E1E-409C-834F-B84BE5621388}.DebugUWP|ARM64.ActiveCfg = DebugUWP|ARM64
		{43540154-9E1E-409C-834F-B84BE5621388}.DebugUWP|ARM64.Build.0 = DebugUWP|ARM64
		{43540154-9E1E-409C-834F-B84BE5621388}.DebugUWP|x64.ActiveCfg = DebugUWP|x64
		{43540154-9E1E-409C-834F-B84BE5621388}.DebugUWP|x64.Build.0 = DebugUWP|x64
		{43540154-9E1E-409C-834F-B84BE5621388}.DebugUWP|x86.ActiveCfg = DebugUWP|Win32
		{43540154-9E1E-409C-834F-B84BE5621388}.DebugUWP|x86.Build.0 = DebugUWP|Win32
		{43540154-9E1E-409C-834F-B84BE5621388}.ReleaseUWP|ARM64.ActiveCfg = ReleaseUWP|ARM64
		{43540154-9E1E-409C-834F-B84BE5621388}.ReleaseUWP|ARM64.Build.0 = ReleaseUWP|ARM64
		{43540154-9E1E-409C-834F-B84BE5621388}.ReleaseUWP|x64.ActiveCfg = ReleaseUWP|x64
		{43540154-9E1E-409C-834F-B84BE5621388}.ReleaseUWP|x64.Build.0 = ReleaseUWP|x64
		{43540154-9E1E-409C-834F-B84BE5621388}.ReleaseUWP|x86.ActiveCfg = ReleaseUWP|Win32
		{43540154-9E1E-409C-834F-B84BE5621388}.ReleaseUWP|x86.Build.0 = ReleaseUWP|Win32
		{BB08260F-6FBC-46AF-8924-090EE71360C6}.DebugUWP|ARM64.ActiveCfg = DebugUWP|ARM64
		{BB08260F-6FBC-46AF-8924-090EE71360C6}.DebugUWP|ARM64.Build.0 = DebugUWP|ARM64
		{BB08260F-6FBC-46AF-8924-090EE71360C6}.DebugUWP|x64.ActiveCfg = DebugUWP|x64
		{BB08260F-6FBC-46AF-8924-090EE71360C6}.DebugUWP|x64.Build.0 = DebugUWP|x64
		{BB08260F-6FBC-46AF-8924-090EE71360C6}.DebugUWP|x86.ActiveCfg = DebugUWP|Win32
		{BB08260F-6FBC-46AF-8924-090EE71360C6}.DebugUWP|x86.Build.0 = DebugUWP|Win32
		{BB08260F-6FBC-46AF-8924-090EE71360C6}.ReleaseUWP|ARM64.ActiveCfg = ReleaseUWP|ARM64
		{BB08260F-6FBC-46AF-8924-090EE71360C6}.ReleaseUWP|ARM64.Build.0 = ReleaseUWP|ARM64
		{BB08260F-6FBC-46AF-8924-090EE71360C6}.ReleaseUWP|x64.ActiveCfg = ReleaseUWP|x64
		{BB08260F-6FBC-46AF-8924-090EE71360C6}.ReleaseUWP|x64.Build.0 = ReleaseUWP|x64
		{BB08260F-6FBC-46AF-8924-090EE71360C6}.ReleaseUWP|x86.ActiveCfg = ReleaseUWP|Win32
		{BB08260F-6FBC-46AF-8924-090EE71360C6}.ReleaseUWP|x86.Build.0 = ReleaseUWP|Win32
		{EE054E08-3799-4A59-A422-18259C105FFD}.DebugUWP|ARM64.ActiveCfg = DebugUWP|ARM64
		{EE054E08-3799-4A59-A422-18259C105FFD}.DebugUWP|ARM64.Build.0 = DebugUWP|ARM64
		{EE054E08-3799-4A59-A422-18259C105FFD}.DebugUWP|x64.ActiveCfg = DebugUWP|x64
		{EE054E08-3799-4A59-A422-18259C105FFD}.DebugUWP|x64.Build.0 = DebugUWP|x64
		{EE054E08-3799-4A59-A422-18259C105FFD}.DebugUWP|x86.ActiveCfg = DebugUWP|Win32
		{EE054E08-3799-4A59-A422-18259C105FFD}.DebugUWP|x86.Build.0 = DebugUWP|Win32
		{EE054E08-3799-4A59-A422-18259C105FFD}.ReleaseUWP|ARM64.ActiveCfg = ReleaseUWP|ARM64
		{EE054E08-3799-4A59-A422-18259C105FFD}.ReleaseUWP|ARM64.Build.0 = ReleaseUWP|ARM64
		{EE054E08-3799-4A59-A422-18259C105FFD}.ReleaseUWP|x64.ActiveCfg = ReleaseUWP|x64
		{EE054E08-3799-4A59-A422-18259C105FFD}.ReleaseUWP|x64.Build.0 = ReleaseUWP|x64
		{EE054E08-3799-4A59-A422-18259C105FFD}.ReleaseUWP|x86.ActiveCfg = ReleaseUWP|Win32
		{EE054E08-3799-4A59-A422-18259C105FFD}.ReleaseUWP|x86.Build.0 = ReleaseUWP|Win32
		{868B98C8-65A1-494B-8346-250A73A48C0A}.DebugUWP|ARM64.ActiveCfg = DebugUWP|ARM64
		{868B98C8-65A1-494B-8346-250A73A48C0A}.DebugUWP|ARM64.Build.0 = DebugUWP|ARM64
		{868B98C8-65A1-494B-8346-250A73A48C0A}.DebugUWP|x64.ActiveCfg = DebugUWP|x64
		{868B98C8-65A1-494B-8346-250A73A48C0A}.DebugUWP|x64.Build.0 = DebugUWP|x64
		{868B98C8-65A1-494B-8346-250A73A48C0A}.DebugUWP|x86.ActiveCfg = DebugUWP|Win32
		{868B98C8-65A1-494B-8346-250A73A48C0A}.DebugUWP|x86.Build.0 = DebugUWP|Win32
		{868B98C8-65A1-494B-8346-250A73A48C0A}.ReleaseUWP|ARM64.ActiveCfg = ReleaseUWP|ARM64
		{868B98C8-65A1-494B-8346-250A73A48C0A}.ReleaseUWP|ARM64.Build.0 = ReleaseUWP|ARM64
		{868B98C8-65A1-494B-8346-250A73A48C0A}.ReleaseUWP|x64.ActiveCfg = ReleaseUWP|x64
		{868B98C8-65A1-494B-8346-250A73A48C0A}.ReleaseUWP|x64.Build.0 = ReleaseUWP|x64
		{868B98C8-65A1-494B-8346-250A73A48C0A}.ReleaseUWP|x86.ActiveCfg = ReleaseUWP|Win32
		{868B98C8-65A1-494B-8346-250A73A48C0A}.ReleaseUWP|x86.Build.0 = ReleaseUWP|Win32
		{ED601289-AC1A-46B8-A8ED-17DB9EB73423}.DebugUWP|ARM64.ActiveCfg = DebugUWP|ARM64
		{ED601289-AC1A-46B8-A8ED-17DB9EB73423}.DebugUWP|ARM64.Build.0 = DebugUWP|ARM64
		{ED601289-AC1A-46B8-A8ED-17DB9EB73423}.DebugUWP|x64.ActiveCfg = DebugUWP|x64
		{ED601289-AC1A-46B8-A8ED-17DB9EB73423}.DebugUWP|x64.Build.0 = DebugUWP|x64
		{ED601289-AC1A-46B8-A8ED-17DB9EB73423}.DebugUWP|x86.ActiveCfg = DebugUWP|Win32
		{ED601289-AC1A-46B8-A8ED-17DB9EB73423}.DebugUWP|x86.Build.0 = DebugUWP|Win32
		{ED601289-AC1A-46B8-A8ED-17DB9EB73423}.ReleaseUWP|ARM64.ActiveCfg = ReleaseUWP|ARM64
		{ED601289-AC1A-46B8-A8ED-17DB9EB73423}.ReleaseUWP|ARM64.Build.0 = ReleaseUWP|ARM64
		{ED601289-AC1A-46B8-A8ED-17DB9EB73423}.ReleaseUWP|x64.ActiveCfg = ReleaseUWP|x64
		{ED601289-AC1A-46B8-A8ED-17DB9EB73423}.ReleaseUWP|x64.Build.0 = ReleaseUWP|x64
		{ED601289-AC1A-46B8-A8ED-17DB9EB73423}.ReleaseUWP|x86.ActiveCfg = ReleaseUWP|Win32
		{ED601289-AC1A-46B8-A8ED-17DB9EB73423}.ReleaseUWP|x86.Build.0 = ReleaseUWP|Win32
		{3773F4CC-614E-4028-8595-22E08CA649E3}.DebugUWP|ARM64.ActiveCfg = DebugUWP|ARM64
		{3773F4CC-614E-4028-8595-22E08CA649E3}.DebugUWP|ARM64.Build.0 = DebugUWP|ARM64
		{3773F4CC-614E-4028-8595-22E08CA649E3}.DebugUWP|x64.ActiveCfg = DebugUWP|x64
		{3773F4CC-614E-4028-8595-22E08CA649E3}.DebugUWP|x64.Build.0 = DebugUWP|x64
		{3773F4CC-614E-4028-8595-22E08CA649E3}.DebugUWP|x86.ActiveCfg = DebugUWP|Win32
		{3773F4CC-614E-4028-8595-22E08CA649E3}.DebugUWP|x86.Build.0 = DebugUWP|Win32
		{3773F4CC-614E-4028-8595-22E08CA649E3}.ReleaseUWP|ARM64.ActiveCfg = ReleaseUWP|ARM64
		{3773F4CC-614E-4028-8595-22E08CA649E3}.ReleaseUWP|ARM64.Build.0 = ReleaseUWP|ARM64
		{3773F4CC-614E-4028-8595-22E08CA649E3}.ReleaseUWP|x64.ActiveCfg = ReleaseUWP|x64
		{3773F4CC-614E-4028-8595-22E08CA649E3}.ReleaseUWP|x64.Build.0 = ReleaseUWP|x64
		{3773F4CC-614E-4028-8595-22E08CA649E3}.ReleaseUWP|x86.ActiveCfg = ReleaseUWP|Win32
		{3773F4CC-614E-4028-8595-22E08CA649E3}.ReleaseUWP|x86.Build.0 = ReleaseUWP|Win32
		{933118A9-68C5-47B4-B151-B03C93961623}.DebugUWP|ARM64.ActiveCfg = DebugUWP|ARM64
		{933118A9-68C5-47B4-B151-B03C93961623}.DebugUWP|ARM64.Build.0 = DebugUWP|ARM64
		{933118A9-68C5-47B4-B151-B03C93961623}.DebugUWP|x64.ActiveCfg = DebugUWP|x64
		{933118A9-68C5-47B4-B151-B03C93961623}.DebugUWP|x64.Build.0 = DebugUWP|x64
		{933118A9-68C5-47B4-B151-B03C93961623}.DebugUWP|x86.ActiveCfg = DebugUWP|Win32
		{933118A9-68C5-47B4-B151-B03C93961623}.DebugUWP|x86.Build.0 = DebugUWP|Win32
		{933118A9-68C5-47B4-B151-B03C93961623}.ReleaseUWP|ARM64.ActiveCfg = ReleaseUWP|ARM64
		{933118A9-68C5-47B4-B151-B03C93961623}.ReleaseUWP|ARM64.Build.0 = ReleaseUWP|ARM64
		{933118A9-68C5-47B4-B151-B03C93961623}.ReleaseUWP|x64.ActiveCfg = ReleaseUWP|x64
		{933118A9-68C5-47B4-B151-B03C93961623}.ReleaseUWP|x64.Build.0 = ReleaseUWP|x64
		{933118A9-68C5-47B4-B151-B03C93961623}.ReleaseUWP|x86.ActiveCfg = ReleaseUWP|Win32
		{933118A9-68C5-47B4-B151-B03C93961623}.ReleaseUWP|x86.Build.0 = ReleaseUWP|Win32
		{8BDA439C-6358-45FB-9994-2FF083BABE06}.DebugUWP|ARM64.ActiveCfg = DebugUWP|ARM64
		{8BDA439C-6358-45FB-9994-2FF083BABE06}.DebugUWP|ARM64.Build.0 = DebugUWP|ARM64
		{8BDA439C-6358-45FB-9994-2FF083BABE06}.DebugUWP|x64.ActiveCfg = DebugUWP|x64
		{8BDA439C-6358-45FB-9994-2FF083BABE06}.DebugUWP|x64.Build.0 = DebugUWP|x64
		{8BDA439C-6358-45FB-9994-2FF083BABE06}.DebugUWP|x86.ActiveCfg = DebugUWP|Win32
		{8BDA439C-6358-45FB-9994-2FF083BABE06}.DebugUWP|x86.Build.0 = DebugUWP|Win32
		{8BDA439C-6358-45FB-9994-2FF083BABE06}.ReleaseUWP|ARM64.ActiveCfg = ReleaseUWP|ARM64
		{8BDA439C-6358-45FB-9994-2FF083BABE06}.ReleaseUWP|ARM64.Build.0 = ReleaseUWP|ARM64
		{8BDA439C-6358-45FB-9994-2FF083BABE06}.ReleaseUWP|x64.ActiveCfg = ReleaseUWP|x64
		{8BDA439C-6358-45FB-9994-2FF083BABE06}.ReleaseUWP|x64.Build.0 = ReleaseUWP|x64
		{8BDA439C-6358-45FB-9994-2FF083BABE06}.ReleaseUWP|x86.ActiveCfg = ReleaseUWP|Win32
		{8BDA439C-6358-45FB-9994-2FF083BABE06}.ReleaseUWP|x86.Build.0 = ReleaseUWP|Win32
		{7FF9FDB9-D504-47DB-A16A-B08071999620}.DebugUWP|ARM64.ActiveCfg = DebugUWP|ARM64
		{7FF9FDB9-D504-47DB-A16A-B08071999620}.DebugUWP|ARM64.Build.0 = DebugUWP|ARM64
		{7FF9FDB9-D504-47DB-A16A-B08071999620}.DebugUWP|x64.ActiveCfg = DebugUWP|x64
		{7FF9FDB9-D504-47DB-A16A-B08071999620}.DebugUWP|x64.Build.0 = DebugUWP|x64
		{7FF9FDB9-D504-47DB-A16A-B08071999620}.DebugUWP|x86.ActiveCfg = DebugUWP|Win32
		{7FF9FDB9-D504-47DB-A16A-B08071999620}.DebugUWP|x86.Build.0 = DebugUWP|Win32
		{7FF9FDB9-D504-47DB-A16A-B08071999620}.ReleaseUWP|ARM64.ActiveCfg = ReleaseUWP|ARM64
		{7FF9FDB9-D504-47DB-A16A-B08071999620}.ReleaseUWP|ARM64.Build.0 = ReleaseUWP|ARM64
		{7FF9FDB9-D504-47DB-A16A-B08071999620}.ReleaseUWP|x64.ActiveCfg = ReleaseUWP|x64
		{7FF9FDB9-D504-47DB-A16A-B08071999620}.ReleaseUWP|x64.Build.0 = ReleaseUWP|x64
		{7FF9FDB9-D504-47DB-A16A-B08071999620}.ReleaseUWP|x86.ActiveCfg = ReleaseUWP|Win32
		{7FF9FDB9-D504-47DB-A16A-B08071999620}.ReleaseUWP|x86.Build.0 = ReleaseUWP|Win32
		{425D6C99-D1C8-43C2-B8AC-4D7B1D941017}.DebugUWP|ARM64.ActiveCfg = DebugUWP|ARM64
		{425D6C99-D1C8-43C2-B8AC-4D7B1D941017}.DebugUWP|ARM64.Build.0 = DebugUWP|ARM64
		{425D6C99-D1C8-43C2-B8AC-4D7B1D941017}.DebugUWP|x64.ActiveCfg = DebugUWP|x64
		{425D6C99-D1C8-43C2-B8AC-4D7B1D941017}.DebugUWP|x64.Build.0 = DebugUWP|x64
		{425D6C99-D1C8-43C2-B8AC-4D7B1D941017}.DebugUWP|x86.ActiveCfg = DebugUWP|Win32
		{425D6C99-D1C8-43C2-B8AC-4D7B1D941017}.DebugUWP|x86.Build.0 = DebugUWP|Win32
		{425D6C99-D1C8-43C2-B8AC-4D7B1D941017}.ReleaseUWP|ARM64.ActiveCfg = ReleaseUWP|ARM64
		{425D6C99-D1C8-43C2-B8AC-4D7B1D941017}.ReleaseUWP|ARM64.Build.0 = ReleaseUWP|ARM64
		{425D6C99-D1C8-43C2-B8AC-4D7B1D941017}.ReleaseUWP|x64.ActiveCfg = ReleaseUWP|x64
		{425D6C99-D1C8-43C2-B8AC-4D7B1D941017}.ReleaseUWP|x64.Build.0 = ReleaseUWP|x64
		{425D6C99-D1C8-43C2-B8AC-4D7B1D941017}.ReleaseUWP|x86.ActiveCfg = ReleaseUWP|Win32
		{425D6C99-D1C8-43C2-B8AC-4D7B1D941017}.ReleaseUWP|x86.Build.0 = ReleaseUWP|Win32
		{DD944834-7899-4C1C-A4C1-064B5009D239}.DebugUWP|ARM64.ActiveCfg = DebugUWP|ARM64
		{DD944834-7899-4C1C-A4C1-064B5009D239}.DebugUWP|ARM64.Build.0 = DebugUWP|ARM64
		{DD944834-7899-4C1C-A4C1-064B5009D239}.DebugUWP|x64.ActiveCfg = DebugUWP|x64
		{DD944834-7899-4C1C-A4C1-064B5009D239}.DebugUWP|x64.Build.0 = DebugUWP|x64
		{DD944834-7899-4C1C-A4C1-064B5009D239}.DebugUWP|x86.ActiveCfg = DebugUWP|Win32
		{DD944834-7899-4C1C-A4C1-064B5009D239}.DebugUWP|x86.Build.0 = DebugUWP|Win32
		{DD944834-7899-4C1C-A4C1-064B5009D239}.ReleaseUWP|ARM64.ActiveCfg = ReleaseUWP|ARM64
		{DD944834-7899-4C1C-A4C1-064B5009D239}.ReleaseUWP|ARM64.Build.0 = ReleaseUWP|ARM64
		{DD944834-7899-4C1C-A4C1-064B5009D239}.ReleaseUWP|x64.ActiveCfg = ReleaseUWP|x64
		{DD944834-7899-4C1C-A4C1-064B5009D239}.ReleaseUWP|x64.Build.0 = ReleaseUWP|x64
		{DD944834-7899-4C1C-A4C1-064B5009D239}.ReleaseUWP|x86.ActiveCfg = ReleaseUWP|Win32
		{DD944834-7899-4C1C-A4C1-064B5009D239}.ReleaseUWP|x86.Build.0 = ReleaseUWP|Win32
		{6245DEC8-D2DA-47EE-A373-CBD6FCF3ECE6}.DebugUWP|ARM64.ActiveCfg = DebugUWP|ARM64
		{6245DEC8-D2DA-47EE-A373-CBD6FCF3ECE6}.DebugUWP|ARM64.Build.0 = DebugUWP|ARM64
		{6245DEC8-D2DA-47EE-A373-CBD6FCF3ECE6}.DebugUWP|x64.ActiveCfg = DebugUWP|x64
		{6245DEC8-D2DA-47EE-A373-CBD6FCF3ECE6}.DebugUWP|x64.Build.0 = DebugUWP|x64
		{6245DEC8-D2DA-47EE-A373-CBD6FCF3ECE6}.DebugUWP|x86.ActiveCfg = DebugUWP|Win32
		{6245DEC8-D2DA-47EE-A373-CBD6FCF3ECE6}.DebugUWP|x86.Build.0 = DebugUWP|Win32
		{6245DEC8-D2DA-47EE-A373-CBD6FCF3ECE6}.ReleaseUWP|ARM64.ActiveCfg = ReleaseUWP|ARM64
		{6245DEC8-D2DA-47EE-A373-CBD6FCF3ECE6}.ReleaseUWP|ARM64.Build.0 = ReleaseUWP|ARM64
		{6245DEC8-D2DA-47EE-A373-CBD6FCF3ECE6}.ReleaseUWP|x64.ActiveCfg = ReleaseUWP|x64
		{6245DEC8-D2DA-47EE-A373-CBD6FCF3ECE6}.ReleaseUWP|x64.Build.0 = ReleaseUWP|x64
		{6245DEC8-D2DA-47EE-A373-CBD6FCF3ECE6}.ReleaseUWP|x86.ActiveCfg = ReleaseUWP|Win32
		{6245DEC8-D2DA-47EE-A373-CBD6FCF3ECE6}.ReleaseUWP|x86.Build.0 = ReleaseUWP|Win32
		{09553C96-9F39-49BF-8AE6-7ACBD07C410C}.DebugUWP|ARM64.ActiveCfg = DebugUWP|ARM64
		{09553C96-9F39-49BF-8AE6-7ACBD07C410C}.DebugUWP|ARM64.Build.0 = DebugUWP|ARM64
		{09553C96-9F39-49BF-8AE6-7ACBD07C410C}.DebugUWP|x64.ActiveCfg = DebugUWP|x64
		{09553C96-9F39-49BF-8AE6-7ACBD07C410C}.DebugUWP|x64.Build.0 = DebugUWP|x64
		{09553C96-9F39-49BF-8AE6-7ACBD07C410C}.DebugUWP|x86.ActiveCfg = DebugUWP|Win32
		{09553C96-9F39-49BF-8AE6-7ACBD07C410C}.DebugUWP|x86.Build.0 = DebugUWP|Win32
		{09553C96-9F39-49BF-8AE6-7ACBD07C410C}.ReleaseUWP|ARM64.ActiveCfg = ReleaseUWP|ARM64
		{09553C96-9F39-49BF-8AE6-7ACBD07C410C}.ReleaseUWP|ARM64.Build.0 = ReleaseUWP|ARM64
		{09553C96-9F39-49BF-8AE6-7ACBD07C410C}.ReleaseUWP|x64.ActiveCfg = ReleaseUWP|x64
		{09553C96-9F39-49BF-8AE6-7ACBD07C410C}.ReleaseUWP|x64.Build.0 = ReleaseUWP|x64
		{09553C96-9F39-49BF-8AE6-7ACBD07C410C}.ReleaseUWP|x86.ActiveCfg = ReleaseUWP|Win32
		{09553C96-9F39-49BF-8AE6-7ACBD07C410C}.ReleaseUWP|x86.Build.0 = ReleaseUWP|Win32
		{075CED82-6A20-46DF-94C7-9624AC9DDBEB}.DebugUWP|ARM64.ActiveCfg = DebugUWP|ARM64
		{075CED82-6A20-46DF-94C7-9624AC9DDBEB}.DebugUWP|ARM64.Build.0 = DebugUWP|ARM64
		{075CED82-6A20-46DF-94C7-9624AC9DDBEB}.DebugUWP|x64.ActiveCfg = DebugUWP|x64
		{075CED82-6A20-46DF-94C7-9624AC9DDBEB}.DebugUWP|x64.Build.0 = DebugUWP|x64
		{075CED82-6A20-46DF-94C7-9624AC9DDBEB}.DebugUWP|x86.ActiveCfg = DebugUWP|Win32
		{075CED82-6A20-46DF-94C7-9624AC9DDBEB}.DebugUWP|x86.Build.0 = DebugUWP|Win32
		{075CED82-6A20-46DF-94C7-9624AC9DDBEB}.ReleaseUWP|ARM64.ActiveCfg = ReleaseUWP|ARM64
		{075CED82-6A20-46DF-94C7-9624AC9DDBEB}.ReleaseUWP|ARM64.Build.0 = ReleaseUWP|ARM64
		{075CED82-6A20-46DF-94C7-9624AC9DDBEB}.ReleaseUWP|x64.ActiveCfg = ReleaseUWP|x64
		{075CED82-6A20-46DF-94C7-9624AC9DDBEB}.ReleaseUWP|x64.Build.0 = ReleaseUWP|x64
		{075CED82-6A20-46DF-94C7-9624AC9DDBEB}.ReleaseUWP|x86.ActiveCfg = ReleaseUWP|Win32
		{075CED82-6A20-46DF-94C7-9624AC9DDBEB}.ReleaseUWP|x86.Build.0 = ReleaseUWP|Win32
		{7F909E29-4808-4BD9-A60C-56C51A3AAEC2}.DebugUWP|ARM64.ActiveCfg = DebugUWP|ARM64
		{7F909E29-4808-4BD9-A60C-56C51A3AAEC2}.DebugUWP|ARM64.Build.0 = DebugUWP|ARM64
		{7F909E29-4808-4BD9-A60C-56C51A3AAEC2}.DebugUWP|x64.ActiveCfg = DebugUWP|x64
		{7F909E29-4808-4BD9-A60C-56C51A3AAEC2}.DebugUWP|x64.Build.0 = DebugUWP|x64
		{7F909E29-4808-4BD9-A60C-56C51A3AAEC2}.DebugUWP|x86.ActiveCfg = DebugUWP|Win32
		{7F909E29-4808-4BD9-A60C-56C51A3AAEC2}.DebugUWP|x86.Build.0 = DebugUWP|Win32
		{7F909E29-4808-4BD9-A60C-56C51A3AAEC2}.ReleaseUWP|ARM64.ActiveCfg = ReleaseUWP|ARM64
		{7F909E29-4808-4BD9-A60C-56C51A3AAEC2}.ReleaseUWP|ARM64.Build.0 = ReleaseUWP|ARM64
		{7F909E29-4808-4BD9-A60C-56C51A3AAEC2}.ReleaseUWP|x64.ActiveCfg = ReleaseUWP|x64
		{7F909E29-4808-4BD9-A60C-56C51A3AAEC2}.ReleaseUWP|x64.Build.0 = ReleaseUWP|x64
		{7F909E29-4808-4BD9-A60C-56C51A3AAEC2}.ReleaseUWP|x86.ActiveCfg = ReleaseUWP|Win32
		{7F909E29-4808-4BD9-A60C-56C51A3AAEC2}.ReleaseUWP|x86.Build.0 = ReleaseUWP|Win32
		{9C8DDEB0-2B8F-4F5F-BA86-127CDF27F035}.DebugUWP|ARM64.ActiveCfg = DebugUWP|ARM64
		{9C8DDEB0-2B8F-4F5F-BA86-127CDF27F035}.DebugUWP|ARM64.Build.0 = DebugUWP|ARM64
		{9C8DDEB0-2B8F-4F5F-BA86-127CDF27F035}.DebugUWP|x64.ActiveCfg = DebugUWP|x64
		{9C8DDEB0-2B8F-4F5F-BA86-127CDF27F035}.DebugUWP|x64.Build.0 = DebugUWP|x64
		{9C8DDEB0-2B8F-4F5F-BA86-127CDF27F035}.DebugUWP|x86.ActiveCfg = DebugUWP|Win32
		{9C8DDEB0-2B8F-4F5F-BA86-127CDF27F035}.DebugUWP|x86.Build.0 = DebugUWP|Win32
		{9C8DDEB0-2B8F-4F5F-BA86-127CDF27F035}.ReleaseUWP|ARM64.ActiveCfg = ReleaseUWP|ARM64
		{9C8DDEB0-2B8F-4F5F-BA86-127CDF27F035}.ReleaseUWP|ARM64.Build.0 = ReleaseUWP|ARM64
		{9C8DDEB0-2B8F-4F5F-BA86-127CDF27F035}.ReleaseUWP|x64.ActiveCfg = ReleaseUWP|x64
		{9C8DDEB0-2B8F-4F5F-BA86-127CDF27F035}.ReleaseUWP|x64.Build.0 = ReleaseUWP|x64
		{9C8DDEB0-2B8F-4F5F-BA86-127CDF27F035}.ReleaseUWP|x86.ActiveCfg = ReleaseUWP|Win32
		{9C8DDEB0-2B8F-4F5F-BA86-127CDF27F035}.ReleaseUWP|x86.Build.0 = ReleaseUWP|Win32
		{8906836E-F06E-46E8-B11A-74E5E8C7B8FB}.DebugUWP|ARM64.ActiveCfg = DebugUWP|ARM64
		{8906836E-F06E-46E8-B11A-74E5E8C7B8FB}.DebugUWP|ARM64.Build.0 = DebugUWP|ARM64
		{8906836E-F06E-46E8-B11A-74E5E8C7B8FB}.DebugUWP|x64.ActiveCfg = DebugUWP|x64
		{8906836E-F06E-46E8-B11A-74E5E8C7B8FB}.DebugUWP|x86.ActiveCfg = DebugUWP|Win32
		{8906836E-F06E-46E8-B11A-74E5E8C7B8FB}.ReleaseUWP|ARM64.ActiveCfg = ReleaseUWP|ARM64
		{8906836E-F06E-46E8-B11A-74E5E8C7B8FB}.ReleaseUWP|ARM64.Build.0 = ReleaseUWP|ARM64
		{8906836E-F06E-46E8-B11A-74E5E8C7B8FB}.ReleaseUWP|x64.ActiveCfg = ReleaseUWP|x64
		{8906836E-F06E-46E8-B11A-74E5E8C7B8FB}.ReleaseUWP|x86.ActiveCfg = ReleaseUWP|Win32
		{39F0ADFF-3A84-470D-9CF0-CA49E164F2F3}.DebugUWP|ARM64.ActiveCfg = DebugUWP|ARM64
		{39F0ADFF-3A84-470D-9CF0-CA49E164F2F3}.DebugUWP|ARM64.Build.0 = DebugUWP|ARM64
		{39F0ADFF-3A84-470D-9CF0-CA49E164F2F3}.DebugUWP|x64.ActiveCfg = DebugUWP|x64
		{39F0ADFF-3A84-470D-9CF0-CA49E164F2F3}.DebugUWP|x64.Build.0 = DebugUWP|x64
		{39F0ADFF-3A84-470D-9CF0-CA49E164F2F3}.DebugUWP|x86.ActiveCfg = DebugUWP|Win32
		{39F0ADFF-3A84-470D-9CF0-CA49E164F2F3}.DebugUWP|x86.Build.0 = DebugUWP|Win32
		{39F0ADFF-3A84-470D-9CF0-CA49E164F2F3}.ReleaseUWP|ARM64.ActiveCfg = ReleaseUWP|ARM64
		{39F0ADFF-3A84-470D-9CF0-CA49E164F2F3}.ReleaseUWP|ARM64.Build.0 = ReleaseUWP|ARM64
		{39F0ADFF-3A84-470D-9CF0-CA49E164F2F3}.ReleaseUWP|x64.ActiveCfg = ReleaseUWP|x64
		{39F0ADFF-3A84-470D-9CF0-CA49E164F2F3}.ReleaseUWP|x64.Build.0 = ReleaseUWP|x64
		{39F0ADFF-3A84-470D-9CF0-CA49E164F2F3}.ReleaseUWP|x86.ActiveCfg = ReleaseUWP|Win32
		{39F0ADFF-3A84-470D-9CF0-CA49E164F2F3}.ReleaseUWP|x86.Build.0 = ReleaseUWP|Win32
		{4BA0A6D4-3AE1-42B2-9347-096FD023FF64}.DebugUWP|ARM64.ActiveCfg = DebugUWP|ARM64
		{4BA0A6D4-3AE1-42B2-9347-096FD023FF64}.DebugUWP|ARM64.Build.0 = DebugUWP|ARM64
		{4BA0A6D4-3AE1-42B2-9347-096FD023FF64}.DebugUWP|x64.ActiveCfg = DebugUWP|x64
		{4BA0A6D4-3AE1-42B2-9347-096FD023FF64}.DebugUWP|x64.Build.0 = DebugUWP|x64
		{4BA0A6D4-3AE1-42B2-9347-096FD023FF64}.DebugUWP|x86.ActiveCfg = DebugUWP|Win32
		{4BA0A6D4-3AE1-42B2-9347-096FD023FF64}.DebugUWP|x86.Build.0 = DebugUWP|Win32
		{4BA0A6D4-3AE1-42B2-9347-096FD023FF64}.ReleaseUWP|ARM64.ActiveCfg = ReleaseUWP|ARM64
		{4BA0A6D4-3AE1-42B2-9347-096FD023FF64}.ReleaseUWP|ARM64.Build.0 = ReleaseUWP|ARM64
		{4BA0A6D4-3AE1-42B2-9347-096FD023FF64}.ReleaseUWP|x64.ActiveCfg = ReleaseUWP|x64
		{4BA0A6D4-3AE1-42B2-9347-096FD023FF64}.ReleaseUWP|x64.Build.0 = ReleaseUWP|x64
		{4BA0A6D4-3AE1-42B2-9347-096FD023FF64}.ReleaseUWP|x86.ActiveCfg = ReleaseUWP|Win32
		{4BA0A6D4-3AE1-42B2-9347-096FD023FF64}.ReleaseUWP|x86.Build.0 = ReleaseUWP|Win32
		{E2A6CEA9-9537-4C61-B637-81F1F17EF638}.DebugUWP|ARM64.ActiveCfg = DebugUWP|ARM64
		{E2A6CEA9-9537-4C61-B637-81F1F17EF638}.DebugUWP|ARM64.Build.0 = DebugUWP|ARM64
		{E2A6CEA9-9537-4C61-B637-81F1F17EF638}.DebugUWP|ARM64.Deploy.0 = DebugUWP|ARM64
		{E2A6CEA9-9537-4C61-B637-81F1F17EF638}.DebugUWP|x64.ActiveCfg = DebugUWP|x64
		{E2A6CEA9-9537-4C61-B637-81F1F17EF638}.DebugUWP|x64.Build.0 = DebugUWP|x64
		{E2A6CEA9-9537-4C61-B637-81F1F17EF638}.DebugUWP|x64.Deploy.0 = DebugUWP|x64
		{E2A6CEA9-9537-4C61-B637-81F1F17EF638}.DebugUWP|x86.ActiveCfg = DebugUWP|Win32
		{E2A6CEA9-9537-4C61-B637-81F1F17EF638}.DebugUWP|x86.Build.0 = DebugUWP|Win32
		{E2A6CEA9-9537-4C61-B637-81F1F17EF638}.DebugUWP|x86.Deploy.0 = DebugUWP|Win32
		{E2A6CEA9-9537-4C61-B637-81F1F17EF638}.ReleaseUWP|ARM64.ActiveCfg = ReleaseUWP|ARM64
		{E2A6CEA9-9537-4C61-B637-81F1F17EF638}.ReleaseUWP|ARM64.Build.0 = ReleaseUWP|ARM64
		{E2A6CEA9-9537-4C61-B637-81F1F17EF638}.ReleaseUWP|ARM64.Deploy.0 = ReleaseUWP|ARM64
		{E2A6CEA9-9537-4C61-B637-81F1F17EF638}.ReleaseUWP|x64.ActiveCfg = ReleaseUWP|x64
		{E2A6CEA9-9537-4C61-B637-81F1F17EF638}.ReleaseUWP|x64.Build.0 = ReleaseUWP|x64
		{E2A6CEA9-9537-4C61-B637-81F1F17EF638}.ReleaseUWP|x64.Deploy.0 = ReleaseUWP|x64
		{E2A6CEA9-9537-4C61-B637-81F1F17EF638}.ReleaseUWP|x86.ActiveCfg = ReleaseUWP|Win32
		{E2A6CEA9-9537-4C61-B637-81F1F17EF638}.ReleaseUWP|x86.Build.0 = ReleaseUWP|Win32
		{E2A6CEA9-9537-4C61-B637-81F1F17EF638}.ReleaseUWP|x86.Deploy.0 = ReleaseUWP|Win32
	EndGlobalSection
	GlobalSection(SolutionProperties) = preSolution
		HideSolutionNode = FALSE
	EndGlobalSection
	GlobalSection(NestedProjects) = preSolution
		{43540154-9E1E-409C-834F-B84BE5621388} = {BA490C0E-497D-4634-A21E-E65012006385}
		{BB08260F-6FBC-46AF-8924-090EE71360C6} = {BA490C0E-497D-4634-A21E-E65012006385}
		{ED601289-AC1A-46B8-A8ED-17DB9EB73423} = {BA490C0E-497D-4634-A21E-E65012006385}
		{3773F4CC-614E-4028-8595-22E08CA649E3} = {BA490C0E-497D-4634-A21E-E65012006385}
		{933118A9-68C5-47B4-B151-B03C93961623} = {BA490C0E-497D-4634-A21E-E65012006385}
		{8BDA439C-6358-45FB-9994-2FF083BABE06} = {BA490C0E-497D-4634-A21E-E65012006385}
		{7FF9FDB9-D504-47DB-A16A-B08071999620} = {BA490C0E-497D-4634-A21E-E65012006385}
		{425D6C99-D1C8-43C2-B8AC-4D7B1D941017} = {BA490C0E-497D-4634-A21E-E65012006385}
		{DD944834-7899-4C1C-A4C1-064B5009D239} = {BA490C0E-497D-4634-A21E-E65012006385}
		{09553C96-9F39-49BF-8AE6-7ACBD07C410C} = {BA490C0E-497D-4634-A21E-E65012006385}
		{7F909E29-4808-4BD9-A60C-56C51A3AAEC2} = {BA490C0E-497D-4634-A21E-E65012006385}
		{9C8DDEB0-2B8F-4F5F-BA86-127CDF27F035} = {BA490C0E-497D-4634-A21E-E65012006385}
		{8906836E-F06E-46E8-B11A-74E5E8C7B8FB} = {BA490C0E-497D-4634-A21E-E65012006385}
		{39F0ADFF-3A84-470D-9CF0-CA49E164F2F3} = {BA490C0E-497D-4634-A21E-E65012006385}
		{4BA0A6D4-3AE1-42B2-9347-096FD023FF64} = {BA490C0E-497D-4634-A21E-E65012006385}
	EndGlobalSection
	GlobalSection(ExtensibilityGlobals) = postSolution
		SolutionGuid = {26E40B32-7C1D-48D0-95F4-1A500E054028}
	EndGlobalSection
EndGlobal
