<?xml version="1.0" encoding="utf-8"?>
<Project ToolsVersion="4.0" xmlns="http://schemas.microsoft.com/developer/msbuild/2003">
  <ItemGroup>
    <ClCompile Include="uwp_host_interface.cpp" />
  </ItemGroup>
  <ItemGroup>
    <Image Include="Assets\Wide310x150Logo.scale-200.png">
      <Filter>Assets</Filter>
    </Image>
    <Image Include="Assets\Square150x150Logo.scale-200.png">
      <Filter>Assets</Filter>
    </Image>
    <Image Include="Assets\Square44x44Logo.targetsize-24_altform-unplated.png">
      <Filter>Assets</Filter>
    </Image>
    <Image Include="Assets\Square44x44Logo.scale-200.png">
      <Filter>Assets</Filter>
    </Image>
    <Image Include="Assets\SplashScreen.scale-200.png">
      <Filter>Assets</Filter>
    </Image>
    <Image Include="Assets\LockScreenLogo.scale-200.png">
      <Filter>Assets</Filter>
    </Image>
    <Image Include="Assets\duck_128.png">
      <Filter>Assets</Filter>
    </Image>
    <Image Include="Assets\SmallTile.scale-100.png">
      <Filter>Assets</Filter>
    </Image>
    <Image Include="Assets\SmallTile.scale-125.png">
      <Filter>Assets</Filter>
    </Image>
    <Image Include="Assets\SmallTile.scale-150.png">
      <Filter>Assets</Filter>
    </Image>
    <Image Include="Assets\SmallTile.scale-200.png">
      <Filter>Assets</Filter>
    </Image>
    <Image Include="Assets\SmallTile.scale-400.png">
      <Filter>Assets</Filter>
    </Image>
    <Image Include="Assets\Square150x150Logo.scale-100.png">
      <Filter>Assets</Filter>
    </Image>
    <Image Include="Assets\Square150x150Logo.scale-125.png">
      <Filter>Assets</Filter>
    </Image>
    <Image Include="Assets\Square150x150Logo.scale-150.png">
      <Filter>Assets</Filter>
    </Image>
    <Image Include="Assets\Square150x150Logo.scale-400.png">
      <Filter>Assets</Filter>
    </Image>
    <Image Include="Assets\WideTile.scale-100.png">
      <Filter>Assets</Filter>
    </Image>
    <Image Include="Assets\WideTile.scale-125.png">
      <Filter>Assets</Filter>
    </Image>
    <Image Include="Assets\WideTile.scale-150.png">
      <Filter>Assets</Filter>
    </Image>
    <Image Include="Assets\WideTile.scale-200.png">
      <Filter>Assets</Filter>
    </Image>
    <Image Include="Assets\WideTile.scale-400.png">
      <Filter>Assets</Filter>
    </Image>
    <Image Include="Assets\LargeTile.scale-100.png">
      <Filter>Assets</Filter>
    </Image>
    <Image Include="Assets\LargeTile.scale-125.png">
      <Filter>Assets</Filter>
    </Image>
    <Image Include="Assets\LargeTile.scale-150.png">
      <Filter>Assets</Filter>
    </Image>
    <Image Include="Assets\LargeTile.scale-200.png">
      <Filter>Assets</Filter>
    </Image>
    <Image Include="Assets\LargeTile.scale-400.png">
      <Filter>Assets</Filter>
    </Image>
    <Image Include="Assets\Square44x44Logo.scale-100.png">
      <Filter>Assets</Filter>
    </Image>
    <Image Include="Assets\Square44x44Logo.scale-125.png">
      <Filter>Assets</Filter>
    </Image>
    <Image Include="Assets\Square44x44Logo.scale-150.png">
      <Filter>Assets</Filter>
    </Image>
    <Image Include="Assets\Square44x44Logo.scale-400.png">
      <Filter>Assets</Filter>
    </Image>
    <Image Include="Assets\Square44x44Logo.targetsize-16.png">
      <Filter>Assets</Filter>
    </Image>
    <Image Include="Assets\Square44x44Logo.targetsize-24.png">
      <Filter>Assets</Filter>
    </Image>
    <Image Include="Assets\Square44x44Logo.targetsize-32.png">
      <Filter>Assets</Filter>
    </Image>
    <Image Include="Assets\Square44x44Logo.targetsize-48.png">
      <Filter>Assets</Filter>
    </Image>
    <Image Include="Assets\Square44x44Logo.targetsize-256.png">
      <Filter>Assets</Filter>
    </Image>
    <Image Include="Assets\Square44x44Logo.altform-unplated_targetsize-16.png">
      <Filter>Assets</Filter>
    </Image>
    <Image Include="Assets\Square44x44Logo.altform-unplated_targetsize-32.png">
      <Filter>Assets</Filter>
    </Image>
    <Image Include="Assets\Square44x44Logo.altform-unplated_targetsize-48.png">
      <Filter>Assets</Filter>
    </Image>
    <Image Include="Assets\Square44x44Logo.altform-unplated_targetsize-256.png">
      <Filter>Assets</Filter>
    </Image>
    <Image Include="Assets\Square44x44Logo.altform-lightunplated_targetsize-16.png">
      <Filter>Assets</Filter>
    </Image>
    <Image Include="Assets\Square44x44Logo.altform-lightunplated_targetsize-24.png">
      <Filter>Assets</Filter>
    </Image>
    <Image Include="Assets\Square44x44Logo.altform-lightunplated_targetsize-32.png">
      <Filter>Assets</Filter>
    </Image>
    <Image Include="Assets\Square44x44Logo.altform-lightunplated_targetsize-48.png">
      <Filter>Assets</Filter>
    </Image>
    <Image Include="Assets\Square44x44Logo.altform-lightunplated_targetsize-256.png">
      <Filter>Assets</Filter>
    </Image>
    <Image Include="Assets\SplashScreen.scale-100.png">
      <Filter>Assets</Filter>
    </Image>
    <Image Include="Assets\SplashScreen.scale-125.png">
      <Filter>Assets</Filter>
    </Image>
    <Image Include="Assets\SplashScreen.scale-150.png">
      <Filter>Assets</Filter>
    </Image>
    <Image Include="Assets\SplashScreen.scale-400.png">
      <Filter>Assets</Filter>
    </Image>
    <Image Include="Assets\StoreLogo.scale-100.png">
      <Filter>Assets</Filter>
    </Image>
    <Image Include="Assets\StoreLogo.scale-125.png">
      <Filter>Assets</Filter>
    </Image>
    <Image Include="Assets\StoreLogo.scale-150.png">
      <Filter>Assets</Filter>
    </Image>
    <Image Include="Assets\StoreLogo.scale-200.png">
      <Filter>Assets</Filter>
    </Image>
    <Image Include="Assets\StoreLogo.scale-400.png">
      <Filter>Assets</Filter>
    </Image>
    <Image Include="resources\address-book-new.png">
      <Filter>Data\resources</Filter>
    </Image>
    <Image Include="resources\applications-system.png">
      <Filter>Data\resources</Filter>
    </Image>
    <Image Include="resources\duck.png">
      <Filter>Data\resources</Filter>
    </Image>
    <Image Include="resources\flag-eu.png">
      <Filter>Data\resources</Filter>
    </Image>
    <Image Include="resources\flag-jp.png">
      <Filter>Data\resources</Filter>
    </Image>
    <Image Include="resources\flag-uc.png">
      <Filter>Data\resources</Filter>
    </Image>
    <Image Include="resources\media-cdrom.png">
      <Filter>Data\resources</Filter>
    </Image>
    <Image Include="resources\multimedia-player.png">
      <Filter>Data\resources</Filter>
    </Image>
    <Image Include="resources\star-0.png">
      <Filter>Data\resources</Filter>
    </Image>
    <Image Include="resources\star-1.png">
      <Filter>Data\resources</Filter>
    </Image>
    <Image Include="resources\star-2.png">
      <Filter>Data\resources</Filter>
    </Image>
    <Image Include="resources\star-3.png">
      <Filter>Data\resources</Filter>
    </Image>
    <Image Include="resources\star-4.png">
      <Filter>Data\resources</Filter>
    </Image>
    <Image Include="resources\star-5.png">
      <Filter>Data\resources</Filter>
    </Image>
  </ItemGroup>
  <ItemGroup>
    <AppxManifest Include="Package.appxmanifest" />
  </ItemGroup>
  <ItemGroup>
    <Filter Include="Assets">
      <UniqueIdentifier>{db9086fe-bacc-4437-8272-1aa6642082db}</UniqueIdentifier>
    </Filter>
    <Filter Include="Data">
      <UniqueIdentifier>{fa7724ab-a364-49f2-9cdb-11307aa3f63e}</UniqueIdentifier>
    </Filter>
    <Filter Include="Data\resources">
      <UniqueIdentifier>{8eda719e-58c6-484f-b00f-90ee69cd6cb5}</UniqueIdentifier>
    </Filter>
    <Filter Include="Data\shaders">
      <UniqueIdentifier>{1d471d6d-942e-4e06-9b74-36c5620c9d43}</UniqueIdentifier>
    </Filter>
    <Filter Include="Data\inputprofiles">
      <UniqueIdentifier>{bf7c6843-57df-4e82-bf4e-7ffea724e92d}</UniqueIdentifier>
    </Filter>
    <Filter Include="Data\database">
      <UniqueIdentifier>{26b9c7e0-8acd-44be-848e-7da8e32238fa}</UniqueIdentifier>
    </Filter>
    <Filter Include="Data\shaders\dolphinfx">
      <UniqueIdentifier>{1c1f164b-4184-422c-8d95-9c4cbb6a21eb}</UniqueIdentifier>
    </Filter>
  </ItemGroup>
  <ItemGroup>
    <None Include="PropertySheet.props" />
    <None Include="packages.config" />
    <None Include="database\gamedb.json">
      <Filter>Data\database</Filter>
    </None>
    <None Include="database\gamesettings.ini">
      <Filter>Data\database</Filter>
    </None>
    <None Include="shaders\Cccalibrator.glsl">
      <Filter>Data\shaders</Filter>
    </None>
    <None Include="shaders\simple-brightness.glsl">
      <Filter>Data\shaders</Filter>
    </None>
    <None Include="shaders\simple-gamma.glsl">
      <Filter>Data\shaders</Filter>
    </None>
    <None Include="shaders\simple-sharpen.glsl">
      <Filter>Data\shaders</Filter>
    </None>
    <None Include="shaders\dolphinfx\bloom.glsl">
      <Filter>Data\shaders\dolphinfx</Filter>
    </None>
    <None Include="shaders\dolphinfx\celshading.glsl">
      <Filter>Data\shaders\dolphinfx</Filter>
    </None>
    <None Include="shaders\dolphinfx\scanlines.glsl">
      <Filter>Data\shaders\dolphinfx</Filter>
    </None>
    <None Include="inputprofiles\Keyboard.ini">
      <Filter>Data\inputprofiles</Filter>
    </None>
    <None Include="inputprofiles\PlayStation Classic Controller.ini">
      <Filter>Data\inputprofiles</Filter>
    </None>
    <None Include="inputprofiles\Xbox Controller.ini">
      <Filter>Data\inputprofiles</Filter>
    </None>
    <None Include="inputprofiles\DualShock 4.ini">
      <Filter>Data\inputprofiles</Filter>
    </None>
    <None Include="inputprofiles\Keyboard (No Numpad).ini">
      <Filter>Data\inputprofiles</Filter>
    </None>
    <None Include="duckstation-uwp.pfx" />
  </ItemGroup>
  <ItemGroup>
    <ClInclude Include="uwp_host_interface.h" />
    <ClInclude Include="uwp_key_map.h" />
  </ItemGroup>
  <ItemGroup>
    <Font Include="resources\fa-solid-900.ttf">
      <Filter>Data\resources</Filter>
    </Font>
    <Font Include="resources\roboto-regular.ttf">
      <Filter>Data\resources</Filter>
    </Font>
  </ItemGroup>
  <ItemGroup>
    <Text Include="database\gamecontrollerdb.txt">
      <Filter>Data\database</Filter>
    </Text>
    <Text Include="database\chtdb.txt">
      <Filter>Data\database</Filter>
    </Text>
  </ItemGroup>
  <ItemGroup>
    <Xml Include="database\compatibility.xml">
      <Filter>Data\database</Filter>
    </Xml>
  </ItemGroup>
</Project>