<?xml version="1.0" encoding="utf-8"?>
<Project ToolsVersion="4.0" xmlns="http://schemas.microsoft.com/developer/msbuild/2003">
  <ItemGroup>
    <ClInclude Include="state_wrapper.h" />
    <ClInclude Include="audio_stream.h" />
    <ClInclude Include="iso_reader.h" />
    <ClInclude Include="cd_image.h" />
    <ClInclude Include="wav_reader_writer.h" />
    <ClInclude Include="cd_image_hasher.h" />
    <ClInclude Include="shiftjis.h" />
    <ClInclude Include="page_fault_handler.h" />
    <ClInclude Include="cue_parser.h" />
    <ClInclude Include="ini_settings_interface.h" />
    <ClInclude Include="shadergen.h" />
    <ClInclude Include="imgui_manager.h" />
    <ClInclude Include="postprocessing.h" />
    <ClInclude Include="postprocessing_shader.h" />
    <ClInclude Include="input_source.h" />
    <ClInclude Include="platform_misc.h" />
    <ClInclude Include="sdl_input_source.h" />
    <ClInclude Include="win32_raw_input_source.h" />
    <ClInclude Include="xinput_source.h" />
    <ClInclude Include="dinput_source.h" />
    <ClInclude Include="input_manager.h" />
    <ClInclude Include="metal_stream_buffer.h" />
    <ClInclude Include="opengl_device.h" />
    <ClInclude Include="opengl_loader.h" />
    <ClInclude Include="opengl_pipeline.h" />
    <ClInclude Include="opengl_stream_buffer.h" />
    <ClInclude Include="opengl_texture.h" />
    <ClInclude Include="vulkan_builders.h" />
    <ClInclude Include="vulkan_device.h" />
    <ClInclude Include="vulkan_entry_points.h" />
    <ClInclude Include="vulkan_loader.h" />
    <ClInclude Include="vulkan_pipeline.h" />
    <ClInclude Include="vulkan_stream_buffer.h" />
    <ClInclude Include="vulkan_swap_chain.h" />
    <ClInclude Include="vulkan_texture.h" />
    <ClInclude Include="window_info.h" />
    <ClInclude Include="d3d_common.h" />
    <ClInclude Include="d3d11_device.h" />
    <ClInclude Include="d3d12_builders.h" />
    <ClInclude Include="d3d12_descriptor_heap_manager.h" />
    <ClInclude Include="d3d12_device.h" />
    <ClInclude Include="d3d12_pipeline.h" />
    <ClInclude Include="d3d12_stream_buffer.h" />
    <ClInclude Include="d3d12_texture.h" />
    <ClInclude Include="gpu_device.h" />
    <ClInclude Include="gpu_shader_cache.h" />
    <ClInclude Include="gpu_texture.h" />
    <ClInclude Include="metal_device.h" />
    <ClInclude Include="postprocessing_shader_glsl.h" />
    <ClInclude Include="d3d11_pipeline.h" />
    <ClInclude Include="d3d11_stream_buffer.h" />
    <ClInclude Include="d3d11_texture.h" />
    <ClInclude Include="host.h" />
    <ClInclude Include="postprocessing_shader_fx.h" />
    <ClInclude Include="pch.h" />
    <ClInclude Include="http_downloader.h" />
    <ClInclude Include="gpu_framebuffer_manager.h" />
    <ClInclude Include="imgui_animated.h" />
    <ClInclude Include="opengl_context.h" />
    <ClInclude Include="opengl_context_agl.h" />
    <ClInclude Include="opengl_context_egl.h" />
    <ClInclude Include="opengl_context_egl_wayland.h" />
    <ClInclude Include="opengl_context_egl_xcb.h" />
    <ClInclude Include="opengl_context_wgl.h" />
    <ClInclude Include="image.h" />
    <ClInclude Include="sockets.h" />
    <ClInclude Include="media_capture.h" />
    <ClInclude Include="compress_helpers.h" />
    <ClInclude Include="elf_file.h" />
    <ClInclude Include="x11_tools.h" />
    <ClInclude Include="opengl_context_egl_xlib.h" />
    <ClInclude Include="texture_decompress.h" />
    <ClInclude Include="opengl_context_sdl.h" />
    <ClInclude Include="animated_image.h" />
    <ClInclude Include="dyn_shaderc.h" />
    <ClInclude Include="dyn_spirv_cross.h" />
    <ClInclude Include="spirv_module.h" />
    <ClInclude Include="postprocessing_shader_slang.h" />
  </ItemGroup>
  <ItemGroup>
    <ClCompile Include="state_wrapper.cpp" />
    <ClCompile Include="cd_image.cpp" />
    <ClCompile Include="audio_stream.cpp" />
    <ClCompile Include="cd_image_cue.cpp" />
    <ClCompile Include="iso_reader.cpp" />
    <ClCompile Include="cd_image_chd.cpp" />
    <ClCompile Include="wav_reader_writer.cpp" />
    <ClCompile Include="cd_image_hasher.cpp" />
    <ClCompile Include="cd_image_memory.cpp" />
    <ClCompile Include="shiftjis.cpp" />
    <ClCompile Include="page_fault_handler.cpp" />
    <ClCompile Include="cd_image_mds.cpp" />
    <ClCompile Include="cd_image_pbp.cpp" />
    <ClCompile Include="cd_image_m3u.cpp" />
    <ClCompile Include="cue_parser.cpp" />
    <ClCompile Include="cd_image_ppf.cpp" />
    <ClCompile Include="cd_image_device.cpp" />
    <ClCompile Include="ini_settings_interface.cpp" />
    <ClCompile Include="shadergen.cpp" />
    <ClCompile Include="imgui_manager.cpp" />
    <ClCompile Include="postprocessing.cpp" />
    <ClCompile Include="postprocessing_shader.cpp" />
    <ClCompile Include="platform_misc_win32.cpp" />
    <ClCompile Include="sdl_input_source.cpp" />
    <ClCompile Include="win32_raw_input_source.cpp" />
    <ClCompile Include="xinput_source.cpp" />
    <ClCompile Include="dinput_source.cpp" />
    <ClCompile Include="input_manager.cpp" />
    <ClCompile Include="input_source.cpp" />
    <ClCompile Include="cubeb_audio_stream.cpp" />
    <ClCompile Include="opengl_device.cpp" />
    <ClCompile Include="opengl_pipeline.cpp" />
    <ClCompile Include="opengl_stream_buffer.cpp" />
    <ClCompile Include="opengl_texture.cpp" />
    <ClCompile Include="vulkan_builders.cpp" />
    <ClCompile Include="vulkan_device.cpp" />
    <ClCompile Include="vulkan_loader.cpp" />
    <ClCompile Include="vulkan_pipeline.cpp" />
    <ClCompile Include="vulkan_stream_buffer.cpp" />
    <ClCompile Include="vulkan_swap_chain.cpp" />
    <ClCompile Include="vulkan_texture.cpp" />
    <ClCompile Include="window_info.cpp" />
    <ClCompile Include="d3d_common.cpp" />
    <ClCompile Include="d3d11_device.cpp" />
    <ClCompile Include="d3d12_builders.cpp" />
    <ClCompile Include="d3d12_descriptor_heap_manager.cpp" />
    <ClCompile Include="d3d12_device.cpp" />
    <ClCompile Include="d3d12_pipeline.cpp" />
    <ClCompile Include="d3d12_stream_buffer.cpp" />
    <ClCompile Include="d3d12_texture.cpp" />
    <ClCompile Include="gpu_device.cpp" />
    <ClCompile Include="gpu_shader_cache.cpp" />
    <ClCompile Include="gpu_texture.cpp" />
    <ClCompile Include="postprocessing_shader_glsl.cpp" />
    <ClCompile Include="d3d11_pipeline.cpp" />
    <ClCompile Include="d3d11_stream_buffer.cpp" />
    <ClCompile Include="d3d11_texture.cpp" />
    <ClCompile Include="host.cpp" />
    <ClCompile Include="postprocessing_shader_fx.cpp" />
    <ClCompile Include="pch.cpp" />
    <ClCompile Include="http_downloader_curl.cpp" />
    <ClCompile Include="http_downloader_winhttp.cpp" />
    <ClCompile Include="http_downloader.cpp" />
    <ClCompile Include="metal_device.mm" />
    <ClCompile Include="metal_stream_buffer.mm" />
    <ClCompile Include="opengl_context.cpp" />
    <ClCompile Include="opengl_context_egl.cpp" />
    <ClCompile Include="opengl_context_egl_wayland.cpp" />
    <ClCompile Include="opengl_context_egl_xcb.cpp" />
    <ClCompile Include="opengl_context_wgl.cpp" />
    <ClCompile Include="image.cpp" />
    <ClCompile Include="sdl_audio_stream.cpp" />
    <ClCompile Include="sockets.cpp" />
    <ClCompile Include="media_capture.cpp" />
    <ClCompile Include="compress_helpers.cpp" />
    <ClCompile Include="elf_file.cpp" />
    <ClCompile Include="x11_tools.cpp" />
    <ClCompile Include="opengl_context_egl_xlib.cpp" />
    <ClCompile Include="texture_decompress.cpp" />
    <ClCompile Include="opengl_context_sdl.cpp" />
    <ClCompile Include="animated_image.cpp" />
    <ClCompile Include="spirv_module.cpp" />
    <ClCompile Include="postprocessing_shader_slang.cpp" />
  </ItemGroup>
  <ItemGroup>
    <None Include="metal_shaders.metal" />
    <None Include="opengl_context_agl.mm" />
  </ItemGroup>
</Project>