<?xml version="1.0" encoding="utf-8"?>
<Project ToolsVersion="4.0" xmlns="http://schemas.microsoft.com/developer/msbuild/2003">
  <ItemGroup>
    <ClCompile Include="main.cpp" />
    <ClCompile Include="sdl_host_interface.cpp" />
    <ClCompile Include="nogui_host_interface.cpp" />
    <ClCompile Include="win32_host_interface.cpp" />
    <ClCompile Include="vty_host_interface.cpp" />
  </ItemGroup>
  <ItemGroup>
    <ClInclude Include="sdl_host_interface.h" />
    <ClInclude Include="sdl_key_names.h" />
    <ClInclude Include="resource.h" />
    <ClInclude Include="nogui_host_interface.h" />
    <ClInclude Include="win32_host_interface.h" />
    <ClInclude Include="evdev_key_names.h" />
    <ClInclude Include="vty_host_interface.h" />
  </ItemGroup>
  <ItemGroup>
    <Manifest Include="duckstation-nogui.manifest" />
  </ItemGroup>
  <ItemGroup>
    <Image Include="duckstation-nogui.ico" />
  </ItemGroup>
  <ItemGroup>
    <ResourceCompile Include="duckstation-nogui.rc" />
  </ItemGroup>
</Project>