<?xml version="1.0" encoding="utf-8"?>
<Project ToolsVersion="4.0" xmlns="http://schemas.microsoft.com/developer/msbuild/2003">
  <ItemGroup>
    <ClCompile Include="regtest_host_interface.cpp" />
    <ClCompile Include="regtest_host_display.cpp" />
  </ItemGroup>
  <ItemGroup>
    <ClInclude Include="regtest_host_interface.h" />
    <ClInclude Include="regtest_host_display.h" />
  </ItemGroup>
</Project>