<?xml version="1.0" encoding="utf-8"?>
<Project ToolsVersion="4.0" xmlns="http://schemas.microsoft.com/developer/msbuild/2003">
  <ItemGroup>
    <ClCompile Include="mainwindow.cpp" />
    <ClCompile Include="gamelistwidget.cpp" />
    <ClCompile Include="settingsdialog.cpp" />
    <ClCompile Include="consolesettingswidget.cpp" />
    <ClCompile Include="qthost.cpp" />
    <ClCompile Include="gamelistsettingswidget.cpp" />
    <ClCompile Include="qtutils.cpp" />
    <ClCompile Include="$(IntDir)moc_consolesettingswidget.cpp" />
    <ClCompile Include="$(IntDir)moc_gamelistsettingswidget.cpp" />
    <ClCompile Include="$(IntDir)moc_gamelistwidget.cpp" />
    <ClCompile Include="$(IntDir)moc_mainwindow.cpp" />
    <ClCompile Include="$(IntDir)moc_qthost.cpp" />
    <ClCompile Include="$(IntDir)moc_settingsdialog.cpp" />
    <ClCompile Include="inputbindingwidgets.cpp" />
    <ClCompile Include="hotkeysettingswidget.cpp" />
    <ClCompile Include="$(IntDir)moc_hotkeysettingswidget.cpp" />
    <ClCompile Include="$(IntDir)moc_inputbindingwidgets.cpp" />
    <ClCompile Include="audiosettingswidget.cpp" />
    <ClCompile Include="$(IntDir)moc_audiosettingswidget.cpp" />
    <ClCompile Include="displaywidget.cpp" />
    <ClCompile Include="qtprogresscallback.cpp" />
    <ClCompile Include="$(IntDir)moc_qtprogresscallback.cpp" />
    <ClCompile Include="generalsettingswidget.cpp" />
    <ClCompile Include="$(IntDir)moc_generalsettingswidget.cpp" />
    <ClCompile Include="advancedsettingswidget.cpp" />
    <ClCompile Include="$(IntDir)moc_advancedsettingswidget.cpp" />
    <ClCompile Include="$(IntDir)moc_gamepropertiesdialog.cpp" />
    <ClCompile Include="gdbconnection.cpp" />
    <ClCompile Include="$(IntDir)moc_gdbconnection.cpp" />
    <ClCompile Include="gdbserver.cpp" />
    <ClCompile Include="$(IntDir)moc_gdbserver.cpp" />
    <ClCompile Include="aboutdialog.cpp" />
    <ClCompile Include="memorycardsettingswidget.cpp" />
    <ClCompile Include="$(IntDir)moc_aboutdialog.cpp" />
    <ClCompile Include="$(IntDir)moc_memorycardsettingswidget.cpp" />
    <ClCompile Include="$(IntDir)qrc_resources.cpp" />
    <ClCompile Include="inputbindingdialog.cpp" />
    <ClCompile Include="$(IntDir)moc_inputbindingdialog.cpp" />
    <ClCompile Include="gamelistmodel.cpp" />
    <ClCompile Include="$(IntDir)moc_gamelistmodel.cpp" />
    <ClCompile Include="gamelistsearchdirectoriesmodel.cpp" />
    <ClCompile Include="$(IntDir)moc_gamelistsearchdirectoriesmodel.cpp" />
    <ClCompile Include="autoupdaterdialog.cpp" />
    <ClCompile Include="$(IntDir)moc_autoupdaterdialog.cpp" />
    <ClCompile Include="biossettingswidget.cpp" />
    <ClCompile Include="enhancementsettingswidget.cpp" />
    <ClCompile Include="displaysettingswidget.cpp" />
    <ClCompile Include="memorycardeditordialog.cpp" />
    <ClCompile Include="postprocessingchainconfigwidget.cpp" />
    <ClCompile Include="postprocessingshaderconfigwidget.cpp" />
    <ClCompile Include="postprocessingsettingswidget.cpp" />
    <ClCompile Include="$(IntDir)moc_biossettingswidget.cpp" />
    <ClCompile Include="$(IntDir)moc_enhancementsettingswidget.cpp" />
    <ClCompile Include="$(IntDir)moc_displaysettingswidget.cpp" />
    <ClCompile Include="$(IntDir)moc_memorycardeditordialog.cpp" />
    <ClCompile Include="$(IntDir)moc_postprocessingchainconfigwidget.cpp" />
    <ClCompile Include="$(IntDir)moc_postprocessingshaderconfigwidget.cpp" />
    <ClCompile Include="$(IntDir)moc_postprocessingsettingswidget.cpp" />
    <ClCompile Include="cheatmanagerdialog.cpp" />
    <ClCompile Include="cheatcodeeditordialog.cpp" />
    <ClCompile Include="$(IntDir)moc_cheatmanagerdialog.cpp" />
    <ClCompile Include="$(IntDir)moc_cheatcodeeditordialog.cpp" />
    <ClCompile Include="debuggerwindow.cpp" />
    <ClCompile Include="debuggermodels.cpp" />
    <ClCompile Include="memoryviewwidget.cpp" />
    <ClCompile Include="$(IntDir)moc_debuggermodels.cpp" />
    <ClCompile Include="$(IntDir)moc_memoryviewwidget.cpp" />
    <ClCompile Include="$(IntDir)moc_debuggerwindow.cpp" />
    <ClCompile Include="emulationsettingswidget.cpp" />
    <ClCompile Include="$(IntDir)moc_emulationsettingswidget.cpp" />
    <ClCompile Include="achievementsettingswidget.cpp" />
    <ClCompile Include="$(IntDir)moc_achievementsettingswidget.cpp" />
    <ClCompile Include="achievementlogindialog.cpp" />
    <ClCompile Include="$(IntDir)moc_achievementlogindialog.cpp" />
    <ClCompile Include="collapsiblewidget.cpp" />
    <ClCompile Include="$(IntDir)moc_collapsiblewidget.cpp" />
    <ClCompile Include="qtkeycodes.cpp" />
    <ClCompile Include="controllerglobalsettingswidget.cpp" />
    <ClCompile Include="controllersettingsdialog.cpp" />
    <ClCompile Include="controllerbindingwidgets.cpp" />
    <ClCompile Include="$(IntDir)moc_controllerbindingwidgets.cpp" />
    <ClCompile Include="$(IntDir)moc_controllerglobalsettingswidget.cpp" />
    <ClCompile Include="$(IntDir)moc_controllersettingsdialog.cpp" />
    <ClCompile Include="gamelistrefreshthread.cpp" />
    <ClCompile Include="$(IntDir)moc_gamelistrefreshthread.cpp" />
    <ClCompile Include="foldersettingswidget.cpp" />
    <ClCompile Include="gamesummarywidget.cpp" />
    <ClCompile Include="$(IntDir)moc_displaywidget.cpp" />
    <ClCompile Include="$(IntDir)moc_foldersettingswidget.cpp" />
    <ClCompile Include="$(IntDir)moc_gamesummarywidget.cpp" />
  </ItemGroup>
  <ItemGroup>
    <ClInclude Include="qtutils.h" />
    <ClInclude Include="settingwidgetbinder.h" />
    <ClInclude Include="resource.h" />
    <ClInclude Include="controllersettingwidgetbinder.h" />
  </ItemGroup>
  <ItemGroup>
    <Filter Include="resources">
      <UniqueIdentifier>{3b2587ae-ce3b-4eb5-ada2-237e853620cf}</UniqueIdentifier>
    </Filter>
    <Filter Include="translations">
      <UniqueIdentifier>{4230e20b-2aff-4c86-966c-b620263a371d}</UniqueIdentifier>
    </Filter>
  </ItemGroup>
  <ItemGroup>
    <QtMoc Include="consolesettingswidget.h" />
    <QtMoc Include="gamelistsettingswidget.h" />
    <QtMoc Include="gamelistwidget.h" />
    <QtMoc Include="mainwindow.h" />
    <QtMoc Include="qthost.h" />
    <QtMoc Include="settingsdialog.h" />
    <QtMoc Include="hotkeysettingswidget.h" />
    <QtMoc Include="inputbindingwidgets.h" />
    <QtMoc Include="audiosettingswidget.h" />
    <QtMoc Include="displaywidget.h" />
    <QtMoc Include="generalsettingswidget.h" />
    <QtMoc Include="qtprogresscallback.h" />
    <QtMoc Include="advancedsettingswidget.h" />
    <QtMoc Include="gdbconnection.h" />
    <QtMoc Include="gdbserver.h" />
    <QtMoc Include="aboutdialog.h" />
    <QtMoc Include="memorycardsettingswidget.h" />
    <QtMoc Include="inputbindingdialog.h" />
    <QtMoc Include="gamelistmodel.h" />
    <QtMoc Include="gamelistsearchdirectoriesmodel.h" />
    <QtMoc Include="autoupdaterdialog.h" />
    <QtMoc Include="biossettingswidget.h" />
    <QtMoc Include="enhancementsettingswidget.h" />
    <QtMoc Include="memorycardeditordialog.h" />
    <QtMoc Include="displaysettingswidget.h" />
    <QtMoc Include="postprocessingchainconfigwidget.h" />
    <QtMoc Include="postprocessingshaderconfigwidget.h" />
    <QtMoc Include="postprocessingsettingswidget.h" />
    <QtMoc Include="cheatmanagerdialog.h" />
    <QtMoc Include="cheatcodeeditordialog.h" />
    <QtMoc Include="debuggermodels.h" />
    <QtMoc Include="debuggerwindow.h" />
    <QtMoc Include="memoryviewwidget.h" />
    <QtMoc Include="emulationsettingswidget.h" />
    <QtMoc Include="achievementsettingswidget.h" />
    <QtMoc Include="achievementlogindialog.h" />
    <QtMoc Include="collapsiblewidget.h" />
    <QtMoc Include="controllerbindingwidgets.h" />
    <QtMoc Include="controllerglobalsettingswidget.h" />
    <QtMoc Include="controllersettingsdialog.h" />
    <QtMoc Include="gamelistrefreshthread.h" />
    <QtMoc Include="gamesummarywidget.h" />
    <QtMoc Include="foldersettingswidget.h" />
  </ItemGroup>
  <ItemGroup>
    <QtUi Include="consolesettingswidget.ui" />
    <QtUi Include="gamelistsettingswidget.ui" />
    <QtUi Include="mainwindow.ui" />
    <QtUi Include="settingsdialog.ui" />
    <QtUi Include="audiosettingswidget.ui" />
    <QtUi Include="generalsettingswidget.ui" />
    <QtUi Include="advancedsettingswidget.ui" />
    <QtUi Include="aboutdialog.ui" />
    <QtUi Include="inputbindingdialog.ui" />
    <QtUi Include="autoupdaterdialog.ui" />
    <QtUi Include="biossettingswidget.ui" />
    <QtUi Include="enhancementsettingswidget.ui" />
    <QtUi Include="displaysettingswidget.ui" />
    <QtUi Include="postprocessingchainconfigwidget.ui" />
    <QtUi Include="postprocessingsettingswidget.ui" />
    <QtUi Include="memorycardeditordialog.ui" />
    <QtUi Include="cheatmanagerdialog.ui" />
    <QtUi Include="cheatcodeeditordialog.ui" />
    <QtUi Include="emulationsettingswidget.ui" />
    <QtUi Include="achievementsettingswidget.ui" />
    <QtUi Include="achievementlogindialog.ui" />
    <QtUi Include="debuggerwindow.ui" />
    <QtUi Include="controllerbindingwidget.ui" />
    <QtUi Include="controllerbindingwidget_analog_controller.ui" />
    <QtUi Include="controllerglobalsettingswidget.ui" />
    <QtUi Include="controllersettingsdialog.ui" />
    <QtUi Include="controllerbindingwidget_digital_controller.ui" />
    <QtUi Include="emptygamelistwidget.ui" />
    <QtUi Include="gamelistwidget.ui" />
    <QtUi Include="gamesummarywidget.ui" />
    <QtUi Include="foldersettingswidget.ui" />
    <QtUi Include="controllerbindingwidget_analog_joystick.ui" />
    <QtUi Include="controllerbindingwidget_negcon.ui" />
    <QtUi Include="controllerbindingwidget_guncon.ui" />
  </ItemGroup>
  <ItemGroup>
    <Natvis Include="qt5.natvis" />
  </ItemGroup>
  <ItemGroup>
    <ResourceCompile Include="duckstation-qt.rc" />
  </ItemGroup>
  <ItemGroup>
    <Image Include="duckstation-qt.ico" />
  </ItemGroup>
  <ItemGroup>
    <QtResource Include="resources\resources.qrc">
      <Filter>resources</Filter>
    </QtResource>
  </ItemGroup>
  <ItemGroup>
    <None Include="translations\duckstation-qt_tr.ts">
      <Filter>translations</Filter>
    </None>
    <None Include="translations\duckstation-qt_es-es.ts">
      <Filter>translations</Filter>
    </None>
  </ItemGroup>
  <ItemGroup>
    <QtTs Include="translations\duckstation-qt_de.ts">
      <Filter>translations</Filter>
    </QtTs>
    <QtTs Include="translations\duckstation-qt_en.ts">
      <Filter>translations</Filter>
    </QtTs>
    <QtTs Include="translations\duckstation-qt_es.ts">
      <Filter>translations</Filter>
    </QtTs>
    <QtTs Include="translations\duckstation-qt_fr.ts">
      <Filter>translations</Filter>
    </QtTs>
    <QtTs Include="translations\duckstation-qt_he.ts">
      <Filter>translations</Filter>
    </QtTs>
    <QtTs Include="translations\duckstation-qt_it.ts">
      <Filter>translations</Filter>
    </QtTs>
    <QtTs Include="translations\duckstation-qt_ja.ts">
      <Filter>translations</Filter>
    </QtTs>
    <QtTs Include="translations\duckstation-qt_nl.ts">
      <Filter>translations</Filter>
    </QtTs>
    <QtTs Include="translations\duckstation-qt_pt-br.ts">
      <Filter>translations</Filter>
    </QtTs>
    <QtTs Include="translations\duckstation-qt_pt-pt.ts">
      <Filter>translations</Filter>
    </QtTs>
    <QtTs Include="translations\duckstation-qt_ru.ts">
      <Filter>translations</Filter>
    </QtTs>
    <QtTs Include="translations\duckstation-qt_zh-cn.ts">
      <Filter>translations</Filter>
    </QtTs>
    <QtTs Include="translations\duckstation-qt_pl.ts">
      <Filter>translations</Filter>
    </QtTs>
  </ItemGroup>
</Project>