<?xml version="1.0" encoding="utf-8"?>
<Project ToolsVersion="4.0" xmlns="http://schemas.microsoft.com/developer/msbuild/2003">
  <ItemGroup>
    <ClCompile Include="main.cpp" />
    <ClCompile Include="mainwindow.cpp" />
    <ClCompile Include="gamelistwidget.cpp" />
    <ClCompile Include="settingsdialog.cpp" />
    <ClCompile Include="consolesettingswidget.cpp" />
    <ClCompile Include="qthostinterface.cpp" />
    <ClCompile Include="gamelistsettingswidget.cpp" />
    <ClCompile Include="qtsettingsinterface.cpp" />
    <ClCompile Include="qtutils.cpp" />
    <ClCompile Include="$(IntDir)moc_consolesettingswidget.cpp" />
    <ClCompile Include="$(IntDir)moc_gamelistsettingswidget.cpp" />
    <ClCompile Include="$(IntDir)moc_gamelistwidget.cpp" />
    <ClCompile Include="$(IntDir)moc_mainwindow.cpp" />
    <ClCompile Include="$(IntDir)moc_qthostinterface.cpp" />
    <ClCompile Include="$(IntDir)moc_settingsdialog.cpp" />
    <ClCompile Include="$(IntDir)qrc_icons.cpp" />
    <ClCompile Include="portsettingswidget.cpp" />
    <ClCompile Include="$(IntDir)moc_portsettingswidget.cpp" />
    <ClCompile Include="gpusettingswidget.cpp" />
    <ClCompile Include="$(IntDir)moc_gpusettingswidget.cpp" />
    <ClCompile Include="inputbindingwidgets.cpp" />
    <ClCompile Include="hotkeysettingswidget.cpp" />
    <ClCompile Include="$(IntDir)moc_hotkeysettingswidget.cpp" />
    <ClCompile Include="$(IntDir)moc_inputbindingwidgets.cpp" />
    <ClCompile Include="audiosettingswidget.cpp" />
    <ClCompile Include="$(IntDir)moc_audiosettingswidget.cpp" />
    <ClCompile Include="opengldisplaywidget.cpp" />
    <ClCompile Include="d3d11displaywidget.cpp" />
    <ClCompile Include="$(IntDir)moc_d3d11displaywidget.cpp" />
    <ClCompile Include="$(IntDir)moc_opengldisplaywidget.cpp" />
    <ClCompile Include="$(IntDir)moc_qtdisplaywidget.cpp" />
    <ClCompile Include="qtdisplaywidget.cpp" />
    <ClCompile Include="qtprogresscallback.cpp" />
    <ClCompile Include="$(IntDir)moc_qtprogresscallback.cpp" />
  </ItemGroup>
  <ItemGroup>
    <ClInclude Include="qtsettingsinterface.h" />
    <ClInclude Include="qtutils.h" />
    <ClInclude Include="settingwidgetbinder.h" />
    <ClInclude Include="qtprogresscallback.h" />
  </ItemGroup>
  <ItemGroup>
    <Filter Include="resources">
      <UniqueIdentifier>{3b2587ae-ce3b-4eb5-ada2-237e853620cf}</UniqueIdentifier>
    </Filter>
  </ItemGroup>
  <ItemGroup>
    <QtResource Include="resources\icons.qrc" />
  </ItemGroup>
  <ItemGroup>
    <QtMoc Include="consolesettingswidget.h" />
    <QtMoc Include="gamelistsettingswidget.h" />
    <QtMoc Include="gamelistwidget.h" />
    <QtMoc Include="mainwindow.h" />
    <QtMoc Include="qthostinterface.h" />
    <QtMoc Include="settingsdialog.h" />
    <QtMoc Include="portsettingswidget.h" />
    <QtMoc Include="gpusettingswidget.h" />
    <QtMoc Include="hotkeysettingswidget.h" />
    <QtMoc Include="inputbindingwidgets.h" />
    <QtMoc Include="audiosettingswidget.h" />
    <QtMoc Include="opengldisplaywidget.h" />
    <QtMoc Include="d3d11displaywidget.h" />
    <QtMoc Include="qtdisplaywidget.h" />
  </ItemGroup>
  <ItemGroup>
    <QtUi Include="consolesettingswidget.ui" />
    <QtUi Include="gamelistsettingswidget.ui" />
    <QtUi Include="mainwindow.ui" />
    <QtUi Include="settingsdialog.ui" />
    <QtUi Include="gpusettingswidget.ui" />
    <QtUi Include="audiosettingswidget.ui" />
  </ItemGroup>
  <ItemGroup>
    <Natvis Include="qt5.natvis" />
  </ItemGroup>
</Project>