<?xml version="1.0" encoding="utf-8"?>
<Project ToolsVersion="4.0" xmlns="http://schemas.microsoft.com/developer/msbuild/2003">
  <ItemGroup>
    <ClCompile Include="icon.cpp" />
    <ClCompile Include="imgui_styles.cpp" />
    <ClCompile Include="sdl_audio_stream.cpp" />
    <ClCompile Include="sdl_controller_interface.cpp" />
    <ClCompile Include="sdl_initializer.cpp" />
    <ClCompile Include="common_host_interface.cpp" />
    <ClCompile Include="ini_settings_interface.cpp" />
    <ClCompile Include="controller_interface.cpp" />
    <ClCompile Include="save_state_selector_ui.cpp" />
    <ClCompile Include="vulkan_host_display.cpp" />
    <ClCompile Include="d3d11_host_display.cpp" />
    <ClCompile Include="opengl_host_display.cpp" />
  </ItemGroup>
  <ItemGroup>
    <ClInclude Include="icon.h" />
    <ClInclude Include="imgui_styles.h" />
    <ClInclude Include="sdl_audio_stream.h" />
    <ClInclude Include="sdl_controller_interface.h" />
    <ClInclude Include="sdl_initializer.h" />
    <ClInclude Include="common_host_interface.h" />
    <ClInclude Include="ini_settings_interface.h" />
    <ClInclude Include="controller_interface.h" />
    <ClInclude Include="save_state_selector_ui.h" />
    <ClInclude Include="vulkan_host_display.h" />
    <ClInclude Include="d3d11_host_display.h" />
    <ClInclude Include="opengl_host_display.h" />
  </ItemGroup>
  <ItemGroup>
    <None Include="font_roboto_regular.inl" />
  </ItemGroup>
</Project>