<?xml version="1.0" encoding="utf-8"?>
<Project ToolsVersion="4.0" xmlns="http://schemas.microsoft.com/developer/msbuild/2003">
  <ItemGroup>
    <ClCompile Include="main.cpp" />
    <ClCompile Include="sdl_audio_mixer.cpp" />
    <ClCompile Include="sdl_interface.cpp" />
  </ItemGroup>
  <ItemGroup>
    <ClInclude Include="sdl_audio_mixer.h" />
    <ClInclude Include="sdl_interface.h" />
  </ItemGroup>
</Project>