<?xml version="1.0" encoding="utf-8"?>
<Project ToolsVersion="4.0" xmlns="http://schemas.microsoft.com/developer/msbuild/2003">
  <ItemGroup>
    <ClCompile Include="system.cpp" />
    <ClCompile Include="cpu_core.cpp" />
    <ClCompile Include="cpu_disasm.cpp" />
    <ClCompile Include="bus.cpp" />
    <ClCompile Include="dma.cpp" />
    <ClCompile Include="gpu.cpp" />
    <ClCompile Include="gpu_hw.cpp" />
    <ClCompile Include="interrupt_controller.cpp" />
    <ClCompile Include="cdrom.cpp" />
    <ClCompile Include="gte.cpp" />
    <ClCompile Include="pad.cpp" />
    <ClCompile Include="digital_controller.cpp" />
    <ClCompile Include="timers.cpp" />
    <ClCompile Include="spu.cpp" />
    <ClCompile Include="mdec.cpp" />
    <ClCompile Include="memory_card.cpp" />
    <ClCompile Include="settings.cpp" />
    <ClCompile Include="gpu_commands.cpp" />
    <ClCompile Include="gpu_sw.cpp" />
    <ClCompile Include="gpu_hw_shadergen.cpp" />
    <ClCompile Include="bios.cpp" />
    <ClCompile Include="cpu_code_cache.cpp" />
    <ClCompile Include="cpu_types.cpp" />
    <ClCompile Include="sio.cpp" />
    <ClCompile Include="controller.cpp" />
    <ClCompile Include="analog_controller.cpp" />
    <ClCompile Include="timing_event.cpp" />
    <ClCompile Include="cdrom_async_reader.cpp" />
    <ClCompile Include="psf_loader.cpp" />
    <ClCompile Include="guncon.cpp" />
    <ClCompile Include="playstation_mouse.cpp" />
    <ClCompile Include="negcon.cpp" />
    <ClCompile Include="cpu_pgxp.cpp" />
    <ClCompile Include="cheats.cpp" />
    <ClCompile Include="memory_card_image.cpp" />
    <ClCompile Include="analog_joystick.cpp" />
    <ClCompile Include="gpu_backend.cpp" />
    <ClCompile Include="multitap.cpp" />
    <ClCompile Include="host.cpp" />
    <ClCompile Include="game_database.cpp" />
    <ClCompile Include="negcon_rumble.cpp" />
    <ClCompile Include="pcdrv.cpp" />
    <ClCompile Include="game_list.cpp" />
    <ClCompile Include="imgui_overlays.cpp" />
    <ClCompile Include="fullscreen_ui.cpp" />
    <ClCompile Include="achievements.cpp" />
    <ClCompile Include="hotkeys.cpp" />
    <ClCompile Include="gpu_shadergen.cpp" />
    <ClCompile Include="pch.cpp" />
    <ClCompile Include="cpu_recompiler.cpp" />
    <ClCompile Include="cpu_recompiler_x64.cpp" />
    <ClCompile Include="cpu_recompiler_arm64.cpp" />
    <ClCompile Include="cpu_recompiler_riscv64.cpp" />
    <ClCompile Include="cpu_recompiler_arm32.cpp" />
    <ClCompile Include="justifier.cpp" />
    <ClCompile Include="gdb_server.cpp" />
    <ClCompile Include="gpu_sw_rasterizer.cpp" />
    <ClCompile Include="gpu_hw_texture_cache.cpp" />
    <ClCompile Include="memory_scanner.cpp" />
    <ClCompile Include="gpu_dump.cpp" />
    <ClCompile Include="cdrom_subq_replacement.cpp" />
    <ClCompile Include="performance_counters.cpp" />
    <ClCompile Include="jogcon.cpp" />
    <ClCompile Include="gpu_thread.cpp" />
  </ItemGroup>
  <ItemGroup>
    <ClInclude Include="types.h" />
    <ClInclude Include="save_state_version.h" />
    <ClInclude Include="system.h" />
    <ClInclude Include="cpu_core.h" />
    <ClInclude Include="cpu_types.h" />
    <ClInclude Include="cpu_disasm.h" />
    <ClInclude Include="bus.h" />
    <ClInclude Include="dma.h" />
    <ClInclude Include="gpu.h" />
    <ClInclude Include="gpu_hw.h" />
    <ClInclude Include="interrupt_controller.h" />
    <ClInclude Include="cdrom.h" />
    <ClInclude Include="gte.h" />
    <ClInclude Include="pad.h" />
    <ClInclude Include="digital_controller.h" />
    <ClInclude Include="timers.h" />
    <ClInclude Include="spu.h" />
    <ClInclude Include="mdec.h" />
    <ClInclude Include="memory_card.h" />
    <ClInclude Include="settings.h" />
    <ClInclude Include="gpu_sw.h" />
    <ClInclude Include="gpu_hw_shadergen.h" />
    <ClInclude Include="bios.h" />
    <ClInclude Include="cpu_code_cache.h" />
    <ClInclude Include="sio.h" />
    <ClInclude Include="controller.h" />
    <ClInclude Include="analog_controller.h" />
    <ClInclude Include="timing_event.h" />
    <ClInclude Include="cdrom_async_reader.h" />
    <ClInclude Include="psf_loader.h" />
    <ClInclude Include="guncon.h" />
    <ClInclude Include="playstation_mouse.h" />
    <ClInclude Include="negcon.h" />
    <ClInclude Include="gte_types.h" />
    <ClInclude Include="cpu_pgxp.h" />
    <ClInclude Include="cpu_core_private.h" />
    <ClInclude Include="cheats.h" />
    <ClInclude Include="memory_card_image.h" />
    <ClInclude Include="analog_joystick.h" />
    <ClInclude Include="gpu_types.h" />
    <ClInclude Include="gpu_backend.h" />
    <ClInclude Include="multitap.h" />
    <ClInclude Include="host.h" />
    <ClInclude Include="achievements.h" />
    <ClInclude Include="game_database.h" />
    <ClInclude Include="input_types.h" />
    <ClInclude Include="negcon_rumble.h" />
    <ClInclude Include="pcdrv.h" />
    <ClInclude Include="game_list.h" />
    <ClInclude Include="imgui_overlays.h" />
    <ClInclude Include="fullscreen_ui.h" />
    <ClInclude Include="shader_cache_version.h" />
    <ClInclude Include="gpu_shadergen.h" />
    <ClInclude Include="pch.h" />
    <ClInclude Include="cpu_code_cache_private.h" />
    <ClInclude Include="cpu_recompiler.h" />
    <ClInclude Include="cpu_recompiler_x64.h" />
    <ClInclude Include="cpu_recompiler_arm64.h" />
    <ClInclude Include="cpu_recompiler_riscv64.h" />
    <ClInclude Include="cpu_recompiler_arm32.h" />
    <ClInclude Include="achievements_private.h" />
    <ClInclude Include="justifier.h" />
    <ClInclude Include="gdb_server.h" />
    <ClInclude Include="gpu_sw_rasterizer.h" />
    <ClInclude Include="gpu_hw_texture_cache.h" />
    <ClInclude Include="memory_scanner.h" />
    <ClInclude Include="gpu_dump.h" />
    <ClInclude Include="cdrom_subq_replacement.h" />
    <ClInclude Include="performance_counters.h" />
    <ClInclude Include="system_private.h" />
    <ClInclude Include="jogcon.h" />
    <ClInclude Include="gpu_thread.h" />
  </ItemGroup>
  <ItemGroup>
    <None Include="gpu_sw_rasterizer.inl" />
  </ItemGroup>
</Project>