<?xml version="1.0" encoding="utf-8"?>
<Project ToolsVersion="4.0" xmlns="http://schemas.microsoft.com/developer/msbuild/2003">
  <ItemGroup>
    <ClCompile Include="system.cpp" />
    <ClCompile Include="cpu_core.cpp" />
    <ClCompile Include="cpu_disasm.cpp" />
    <ClCompile Include="bus.cpp" />
    <ClCompile Include="dma.cpp" />
    <ClCompile Include="gpu.cpp" />
    <ClCompile Include="gpu_hw_opengl.cpp" />
    <ClCompile Include="gpu_hw.cpp" />
    <ClCompile Include="host_interface.cpp" />
    <ClCompile Include="interrupt_controller.cpp" />
    <ClCompile Include="cdrom.cpp" />
    <ClCompile Include="gte.cpp" />
    <ClCompile Include="pad.cpp" />
    <ClCompile Include="pad_device.cpp" />
    <ClCompile Include="digital_controller.cpp" />
    <ClCompile Include="timers.cpp" />
    <ClCompile Include="spu.cpp" />
    <ClCompile Include="mdec.cpp" />
    <ClCompile Include="memory_card.cpp" />
    <ClCompile Include="settings.cpp" />
    <ClCompile Include="gpu_commands.cpp" />
    <ClCompile Include="gpu_sw.cpp" />
    <ClCompile Include="gpu_hw_shadergen.cpp" />
    <ClCompile Include="gpu_hw_d3d11.cpp" />
    <ClCompile Include="bios.cpp" />
  </ItemGroup>
  <ItemGroup>
    <ClInclude Include="types.h" />
    <ClInclude Include="save_state_version.h" />
    <ClInclude Include="system.h" />
    <ClInclude Include="cpu_core.h" />
    <ClInclude Include="cpu_types.h" />
    <ClInclude Include="cpu_disasm.h" />
    <ClInclude Include="bus.h" />
    <ClInclude Include="dma.h" />
    <ClInclude Include="gpu.h" />
    <ClInclude Include="gpu_hw_opengl.h" />
    <ClInclude Include="gpu_hw.h" />
    <ClInclude Include="host_interface.h" />
    <ClInclude Include="interrupt_controller.h" />
    <ClInclude Include="cdrom.h" />
    <ClInclude Include="gte.h" />
    <ClInclude Include="gte_types.h" />
    <ClInclude Include="pad.h" />
    <ClInclude Include="pad_device.h" />
    <ClInclude Include="digital_controller.h" />
    <ClInclude Include="timers.h" />
    <ClInclude Include="spu.h" />
    <ClInclude Include="mdec.h" />
    <ClInclude Include="memory_card.h" />
    <ClInclude Include="settings.h" />
    <ClInclude Include="gpu_sw.h" />
    <ClInclude Include="gpu_hw_shadergen.h" />
    <ClInclude Include="gpu_hw_d3d11.h" />
    <ClInclude Include="host_display.h" />
    <ClInclude Include="bios.h" />
  </ItemGroup>
  <ItemGroup>
    <None Include="cpu_core.inl" />
    <None Include="bus.inl" />
    <None Include="gte.inl" />
  </ItemGroup>
</Project>