<?xml version="1.0" encoding="utf-8"?>
<Project ToolsVersion="4.0" xmlns="http://schemas.microsoft.com/developer/msbuild/2003">
  <ItemGroup>
    <ClInclude Include="bitfield.h" />
    <ClInclude Include="types.h" />
    <ClInclude Include="jit_code_buffer.h" />
    <ClInclude Include="state_wrapper.h" />
    <ClInclude Include="fifo_queue.h" />
    <ClInclude Include="cd_image.h" />
    <ClInclude Include="audio_stream.h" />
    <ClInclude Include="cd_xa.h" />
    <ClInclude Include="heap_array.h" />
    <ClInclude Include="gl\program.h">
      <Filter>gl</Filter>
    </ClInclude>
    <ClInclude Include="gl\stream_buffer.h">
      <Filter>gl</Filter>
    </ClInclude>
    <ClInclude Include="gl\texture.h">
      <Filter>gl</Filter>
    </ClInclude>
    <ClInclude Include="d3d11\stream_buffer.h">
      <Filter>d3d11</Filter>
    </ClInclude>
    <ClInclude Include="d3d11\texture.h">
      <Filter>d3d11</Filter>
    </ClInclude>
    <ClInclude Include="d3d11\staging_texture.h">
      <Filter>d3d11</Filter>
    </ClInclude>
    <ClInclude Include="d3d11\shader_compiler.h">
      <Filter>d3d11</Filter>
    </ClInclude>
  </ItemGroup>
  <ItemGroup>
    <ClCompile Include="jit_code_buffer.cpp" />
    <ClCompile Include="state_wrapper.cpp" />
    <ClCompile Include="cd_image.cpp" />
    <ClCompile Include="audio_stream.cpp" />
    <ClCompile Include="cd_xa.cpp" />
    <ClCompile Include="cd_image_cue.cpp" />
    <ClCompile Include="cd_image_bin.cpp" />
    <ClCompile Include="gl\program.cpp">
      <Filter>gl</Filter>
    </ClCompile>
    <ClCompile Include="gl\stream_buffer.cpp">
      <Filter>gl</Filter>
    </ClCompile>
    <ClCompile Include="gl\texture.cpp">
      <Filter>gl</Filter>
    </ClCompile>
    <ClCompile Include="d3d11\texture.cpp">
      <Filter>d3d11</Filter>
    </ClCompile>
    <ClCompile Include="d3d11\staging_texture.cpp">
      <Filter>d3d11</Filter>
    </ClCompile>
    <ClCompile Include="d3d11\stream_buffer.cpp">
      <Filter>d3d11</Filter>
    </ClCompile>
    <ClCompile Include="d3d11\shader_compiler.cpp">
      <Filter>d3d11</Filter>
    </ClCompile>
  </ItemGroup>
  <ItemGroup>
    <Natvis Include="bitfield.natvis" />
  </ItemGroup>
  <ItemGroup>
    <Filter Include="gl">
      <UniqueIdentifier>{52487c57-753d-4888-ba26-ed63ab51a234}</UniqueIdentifier>
    </Filter>
    <Filter Include="d3d11">
      <UniqueIdentifier>{30251086-81f3-44f5-add4-7ff9a24098ab}</UniqueIdentifier>
    </Filter>
  </ItemGroup>
</Project>