<?xml version="1.0" encoding="utf-8"?>
<Project ToolsVersion="4.0" xmlns="http://schemas.microsoft.com/developer/msbuild/2003">
  <ItemGroup>
    <ClCompile Include="src\format.cc" />
    <ClCompile Include="src\os.cc" />
  </ItemGroup>
  <ItemGroup>
    <ClInclude Include="include\fmt\compile.h" />
    <ClInclude Include="include\fmt\core.h" />
    <ClInclude Include="include\fmt\format.h" />
    <ClInclude Include="include\fmt\format-inl.h" />
    <ClInclude Include="include\fmt\os.h" />
    <ClInclude Include="include\fmt\ostream.h" />
    <ClInclude Include="include\fmt\printf.h" />
    <ClInclude Include="include\fmt\ranges.h" />
    <ClInclude Include="include\fmt\std.h" />
    <ClInclude Include="include\fmt\xchar.h" />
    <ClInclude Include="include\fmt\args.h" />
    <ClInclude Include="include\fmt\chrono.h" />
    <ClInclude Include="include\fmt\color.h" />
  </ItemGroup>
</Project>