<?xml version="1.0" encoding="utf-8"?>
<Project ToolsVersion="4.0" xmlns="http://schemas.microsoft.com/developer/msbuild/2003">
  <ItemGroup>
    <ClInclude Include="include\zconf.h" />
    <ClInclude Include="include\zlib.h" />
    <ClInclude Include="src\crc32.h" />
    <ClInclude Include="src\deflate.h" />
    <ClInclude Include="src\gzguts.h" />
    <ClInclude Include="src\inffast.h" />
    <ClInclude Include="src\inffixed.h" />
    <ClInclude Include="src\inflate.h" />
    <ClInclude Include="src\inftrees.h" />
    <ClInclude Include="src\trees.h" />
    <ClInclude Include="src\zutil.h" />
  </ItemGroup>
  <ItemGroup>
    <ClCompile Include="src\crc32.c" />
    <ClCompile Include="src\deflate.c" />
    <ClCompile Include="src\gzclose.c" />
    <ClCompile Include="src\gzlib.c" />
    <ClCompile Include="src\gzread.c" />
    <ClCompile Include="src\gzwrite.c" />
    <ClCompile Include="src\infback.c" />
    <ClCompile Include="src\inffast.c" />
    <ClCompile Include="src\inflate.c" />
    <ClCompile Include="src\inftrees.c" />
    <ClCompile Include="src\trees.c" />
    <ClCompile Include="src\uncompr.c" />
    <ClCompile Include="src\zutil.c" />
    <ClCompile Include="src\adler32.c" />
    <ClCompile Include="src\compress.c" />
  </ItemGroup>
</Project>